// !$*UTF8*$!
{
	archiveVersion = 1;
	classes = {
	};
	objectVersion = 51;
	objects = {

/* Begin PBXBuildFile section */
		05ECAC263209F8233DD4DDA5 /* Pods_AnimeDraw_AnimeDrawUITests.framework in Frameworks */ = {isa = PBXBuildFile; fileRef = 375CF7F72C1BE34C71D51CB5 /* Pods_AnimeDraw_AnimeDrawUITests.framework */; };
		2C6253979ADDFB4D3BFAB4DB /* Pods_AnimeDraw.framework in Frameworks */ = {isa = PBXBuildFile; fileRef = 53F024C3140C9F72BE9063FF /* Pods_AnimeDraw.framework */; };
		2E3B01B625875FDF000B074D /* BMStepByStep.swift in Sources */ = {isa = PBXBuildFile; fileRef = 2E3B01B425875FDF000B074D /* BMStepByStep.swift */; };
		2E3B01B725875FDF000B074D /* BMStepByStep.xib in Resources */ = {isa = PBXBuildFile; fileRef = 2E3B01B525875FDF000B074D /* BMStepByStep.xib */; };
		2E47397E258AF27300B0180D /* Naruto.json in Resources */ = {isa = PBXBuildFile; fileRef = 2E47397D258AF27300B0180D /* Naruto.json */; };
		2E473986258AF95A00B0180D /* Monkey D. Luffy.json in Resources */ = {isa = PBXBuildFile; fileRef = 2E473985258AF95A00B0180D /* Monkey D. Luffy.json */; };
		2E47398B258AFD0100B0180D /* Roronoa Zoro.json in Resources */ = {isa = PBXBuildFile; fileRef = 2E47398A258AFD0100B0180D /* Roronoa Zoro.json */; };
		2E473990258B168C00B0180D /* Nami.json in Resources */ = {isa = PBXBuildFile; fileRef = 2E47398F258B168C00B0180D /* Nami.json */; };
		2E473995258B192E00B0180D /* Usopp.json in Resources */ = {isa = PBXBuildFile; fileRef = 2E473994258B192E00B0180D /* Usopp.json */; };
		2E4739A5258B2E5C00B0180D /* Bulma.json in Resources */ = {isa = PBXBuildFile; fileRef = 2E4739A4258B2E5C00B0180D /* Bulma.json */; };
		2E4739AA258B349500B0180D /* ChiChi.json in Resources */ = {isa = PBXBuildFile; fileRef = 2E4739A9258B349500B0180D /* ChiChi.json */; };
		2E4739B4258B367400B0180D /* Captain Marvel.json in Resources */ = {isa = PBXBuildFile; fileRef = 2E4739B3258B367400B0180D /* Captain Marvel.json */; };
		2E4739BD258B394B00B0180D /* Spider Man.json in Resources */ = {isa = PBXBuildFile; fileRef = 2E4739BC258B394B00B0180D /* Spider Man.json */; };
		2E4916CE258A0A0100123011 /* How to Drawing Buzz Cut Male Anime Hair.json in Resources */ = {isa = PBXBuildFile; fileRef = 2E4916CD258A0A0100123011 /* How to Drawing Buzz Cut Male Anime Hair.json */; };
		2E9921882587045C0004A3C8 /* TutorialDetail.swift in Sources */ = {isa = PBXBuildFile; fileRef = 2E9921862587045C0004A3C8 /* TutorialDetail.swift */; };
		2E9921892587045C0004A3C8 /* TutorialDetail.xib in Resources */ = {isa = PBXBuildFile; fileRef = 2E9921872587045C0004A3C8 /* TutorialDetail.xib */; };
		2E9921932587053A0004A3C8 /* TutorialDetailCell.swift in Sources */ = {isa = PBXBuildFile; fileRef = 2E9921912587053A0004A3C8 /* TutorialDetailCell.swift */; };
		2E9921942587053A0004A3C8 /* TutorialDetailCell.xib in Resources */ = {isa = PBXBuildFile; fileRef = 2E9921922587053A0004A3C8 /* TutorialDetailCell.xib */; };
		2E99219D258707DF0004A3C8 /* Bodies.json in Resources */ = {isa = PBXBuildFile; fileRef = 2E99219C258707DF0004A3C8 /* Bodies.json */; };
		2E9921AF25870B950004A3C8 /* DisplayTutorialVC.swift in Sources */ = {isa = PBXBuildFile; fileRef = 2E9921AD25870B950004A3C8 /* DisplayTutorialVC.swift */; };
		2E9921B025870B950004A3C8 /* DisplayTutorialVC.xib in Resources */ = {isa = PBXBuildFile; fileRef = 2E9921AE25870B950004A3C8 /* DisplayTutorialVC.xib */; };
		2E9921B725870D0D0004A3C8 /* DisplayTutorialCell.swift in Sources */ = {isa = PBXBuildFile; fileRef = 2E9921B525870D0D0004A3C8 /* DisplayTutorialCell.swift */; };
		2E9921B825870D0D0004A3C8 /* DisplayTutorialCell.xib in Resources */ = {isa = PBXBuildFile; fileRef = 2E9921B625870D0D0004A3C8 /* DisplayTutorialCell.xib */; };
		2E9921C125870EB90004A3C8 /* DisplayTutorialModel.swift in Sources */ = {isa = PBXBuildFile; fileRef = 2E9921C025870EB90004A3C8 /* DisplayTutorialModel.swift */; };
		2E9921CE258726300004A3C8 /* BookMarksTutorial.swift in Sources */ = {isa = PBXBuildFile; fileRef = 2E9921CC258726300004A3C8 /* BookMarksTutorial.swift */; };
		2E9921CF258726300004A3C8 /* BookMarksTutorial.xib in Resources */ = {isa = PBXBuildFile; fileRef = 2E9921CD258726300004A3C8 /* BookMarksTutorial.xib */; };
		2E9921D725873E6F0004A3C8 /* RealmManage.swift in Sources */ = {isa = PBXBuildFile; fileRef = 2E9921D625873E6F0004A3C8 /* RealmManage.swift */; };
		2E9921F9258740C00004A3C8 /* StepByStelRealmModel.swift in Sources */ = {isa = PBXBuildFile; fileRef = 2E9921F8258740C00004A3C8 /* StepByStelRealmModel.swift */; };
		2E992202258743670004A3C8 /* Encode+Extension.swift in Sources */ = {isa = PBXBuildFile; fileRef = 2E992201258743670004A3C8 /* Encode+Extension.swift */; };
		2E99220925874F1B0004A3C8 /* BMStepCell.swift in Sources */ = {isa = PBXBuildFile; fileRef = 2E99220725874F1B0004A3C8 /* BMStepCell.swift */; };
		2E99220A25874F1B0004A3C8 /* BMStepCell.xib in Resources */ = {isa = PBXBuildFile; fileRef = 2E99220825874F1B0004A3C8 /* BMStepCell.xib */; };
		936E2CB825826302003B634F /* How to Draw Male Eyes.json in Resources */ = {isa = PBXBuildFile; fileRef = 936E2CAC25826300003B634F /* How to Draw Male Eyes.json */; };
		936E2CB925826302003B634F /* How to Draw Sharp Eyes.json in Resources */ = {isa = PBXBuildFile; fileRef = 936E2CAD25826300003B634F /* How to Draw Sharp Eyes.json */; };
		936E2CBA25826302003B634F /* How to Draw Various Facial Expressions.json in Resources */ = {isa = PBXBuildFile; fileRef = 936E2CAE25826300003B634F /* How to Draw Various Facial Expressions.json */; };
		936E2CBB25826302003B634F /* How to Draw Female Eyes.json in Resources */ = {isa = PBXBuildFile; fileRef = 936E2CAF25826300003B634F /* How to Draw Female Eyes.json */; };
		936E2CBC25826302003B634F /* How to Draw Female Body.json in Resources */ = {isa = PBXBuildFile; fileRef = 936E2CB025826301003B634F /* How to Draw Female Body.json */; };
		936E2CBD25826302003B634F /* How to Draw Round Eyes.json in Resources */ = {isa = PBXBuildFile; fileRef = 936E2CB125826301003B634F /* How to Draw Round Eyes.json */; };
		936E2CBE25826302003B634F /* How to Draw Clothes.json in Resources */ = {isa = PBXBuildFile; fileRef = 936E2CB225826301003B634F /* How to Draw Clothes.json */; };
		936E2CBF25826302003B634F /* How to Draw Chibi.json in Resources */ = {isa = PBXBuildFile; fileRef = 936E2CB325826301003B634F /* How to Draw Chibi.json */; };
		936E2CC025826302003B634F /* Ichigo Kurosaki Bankai.json in Resources */ = {isa = PBXBuildFile; fileRef = 936E2CB425826301003B634F /* Ichigo Kurosaki Bankai.json */; };
		936E2CC125826302003B634F /* How to Draw Male Body.json in Resources */ = {isa = PBXBuildFile; fileRef = 936E2CB525826301003B634F /* How to Draw Male Body.json */; };
		936E2CC225826302003B634F /* How to Draw Hair.json in Resources */ = {isa = PBXBuildFile; fileRef = 936E2CB625826302003B634F /* How to Draw Hair.json */; };
		936E2CC325826302003B634F /* How to Draw Nose and Mouth.json in Resources */ = {isa = PBXBuildFile; fileRef = 936E2CB725826302003B634F /* How to Draw Nose and Mouth.json */; };
		936E2CC825826549003B634F /* Sample.json in Resources */ = {isa = PBXBuildFile; fileRef = 936E2CC725826549003B634F /* Sample.json */; };
		9371E6CA257BA8EE00F0A54F /* AppDelegate.swift in Sources */ = {isa = PBXBuildFile; fileRef = 9371E6C9257BA8EE00F0A54F /* AppDelegate.swift */; };
		9371E6CC257BA8EE00F0A54F /* SceneDelegate.swift in Sources */ = {isa = PBXBuildFile; fileRef = 9371E6CB257BA8EE00F0A54F /* SceneDelegate.swift */; };
		9371E6CE257BA8EE00F0A54F /* ViewController.swift in Sources */ = {isa = PBXBuildFile; fileRef = 9371E6CD257BA8EE00F0A54F /* ViewController.swift */; };
		9371E6D1257BA8EE00F0A54F /* Main.storyboard in Resources */ = {isa = PBXBuildFile; fileRef = 9371E6CF257BA8EE00F0A54F /* Main.storyboard */; };
		9371E6D4257BA8EE00F0A54F /* AnimeDraw.xcdatamodeld in Sources */ = {isa = PBXBuildFile; fileRef = 9371E6D2257BA8EE00F0A54F /* AnimeDraw.xcdatamodeld */; };
		9371E6D6257BA8F000F0A54F /* Assets.xcassets in Resources */ = {isa = PBXBuildFile; fileRef = 9371E6D5257BA8F000F0A54F /* Assets.xcassets */; };
		9371E6D9257BA8F000F0A54F /* LaunchScreen.storyboard in Resources */ = {isa = PBXBuildFile; fileRef = 9371E6D7257BA8F000F0A54F /* LaunchScreen.storyboard */; };
		9371E6E4257BA8F000F0A54F /* AnimeDrawTests.swift in Sources */ = {isa = PBXBuildFile; fileRef = 9371E6E3257BA8F000F0A54F /* AnimeDrawTests.swift */; };
		9371E6EF257BA8F000F0A54F /* AnimeDrawUITests.swift in Sources */ = {isa = PBXBuildFile; fileRef = 9371E6EE257BA8F000F0A54F /* AnimeDrawUITests.swift */; };
		9371E749257BAD6800F0A54F /* ViewController+Extension.swift in Sources */ = {isa = PBXBuildFile; fileRef = 9371E748257BAD6800F0A54F /* ViewController+Extension.swift */; };
		9371E74E257BAD9300F0A54F /* HomeTabbar.swift in Sources */ = {isa = PBXBuildFile; fileRef = 9371E74D257BAD9300F0A54F /* HomeTabbar.swift */; };
		9371E755257BAE2F00F0A54F /* StepByStepVC.swift in Sources */ = {isa = PBXBuildFile; fileRef = 9371E753257BAE2F00F0A54F /* StepByStepVC.swift */; };
		9371E760257BAE5900F0A54F /* TutorialsVC.swift in Sources */ = {isa = PBXBuildFile; fileRef = 9371E75E257BAE5900F0A54F /* TutorialsVC.swift */; };
		9371E76B257BAE7400F0A54F /* BookMarks.swift in Sources */ = {isa = PBXBuildFile; fileRef = 9371E769257BAE7400F0A54F /* BookMarks.swift */; };
		9371E776257BB50D00F0A54F /* StepCell.swift in Sources */ = {isa = PBXBuildFile; fileRef = 9371E774257BB50D00F0A54F /* StepCell.swift */; };
		9371E777257BB50D00F0A54F /* StepCell.xib in Resources */ = {isa = PBXBuildFile; fileRef = 9371E775257BB50D00F0A54F /* StepCell.xib */; };
		93775F4C2584E2E700DCD6E4 /* PropertyWapper.swift in Sources */ = {isa = PBXBuildFile; fileRef = 93775F4B2584E2E700DCD6E4 /* PropertyWapper.swift */; };
		93775F532584E68900DCD6E4 /* StepDetailCell.swift in Sources */ = {isa = PBXBuildFile; fileRef = 93775F512584E68900DCD6E4 /* StepDetailCell.swift */; };
		93775F542584E68900DCD6E4 /* StepDetailCell.xib in Resources */ = {isa = PBXBuildFile; fileRef = 93775F522584E68900DCD6E4 /* StepDetailCell.xib */; };
		93775F612584E97900DCD6E4 /* Anime boy.json in Resources */ = {isa = PBXBuildFile; fileRef = 93775F602584E97900DCD6E4 /* Anime boy.json */; };
		93775F662584E98100DCD6E4 /* Anime cat.json in Resources */ = {isa = PBXBuildFile; fileRef = 93775F652584E98100DCD6E4 /* Anime cat.json */; };
		93775F6B2584E98A00DCD6E4 /* Anime dog.json in Resources */ = {isa = PBXBuildFile; fileRef = 93775F6A2584E98A00DCD6E4 /* Anime dog.json */; };
		93775F702584E99100DCD6E4 /* Anime girl.json in Resources */ = {isa = PBXBuildFile; fileRef = 93775F6F2584E99100DCD6E4 /* Anime girl.json */; };
		93775F752584E9A400DCD6E4 /* Ash Ketchum.json in Resources */ = {isa = PBXBuildFile; fileRef = 93775F742584E9A400DCD6E4 /* Ash Ketchum.json */; };
		93775F7A2584E9AE00DCD6E4 /* Bishounen.json in Resources */ = {isa = PBXBuildFile; fileRef = 93775F792584E9AE00DCD6E4 /* Bishounen.json */; };
		93775F7F2584E9B500DCD6E4 /* Bulbasaur Pokemon.json in Resources */ = {isa = PBXBuildFile; fileRef = 93775F7E2584E9B500DCD6E4 /* Bulbasaur Pokemon.json */; };
		93775F842584E9BD00DCD6E4 /* Deidara from Naruto.json in Resources */ = {isa = PBXBuildFile; fileRef = 93775F832584E9BD00DCD6E4 /* Deidara from Naruto.json */; };
		93775F892584E9C500DCD6E4 /* Detective Conan.json in Resources */ = {isa = PBXBuildFile; fileRef = 93775F882584E9C500DCD6E4 /* Detective Conan.json */; };
		93775F8E2584E9CD00DCD6E4 /* Doraemon.json in Resources */ = {isa = PBXBuildFile; fileRef = 93775F8D2584E9CD00DCD6E4 /* Doraemon.json */; };
		93775F932584E9D400DCD6E4 /* Eevee the Pokemon.json in Resources */ = {isa = PBXBuildFile; fileRef = 93775F922584E9D400DCD6E4 /* Eevee the Pokemon.json */; };
		93775F982584E9E000DCD6E4 /* Gaara.json in Resources */ = {isa = PBXBuildFile; fileRef = 93775F972584E9E000DCD6E4 /* Gaara.json */; };
		93775F9D2584E9E600DCD6E4 /* Gingka Hagane from Beyblade.json in Resources */ = {isa = PBXBuildFile; fileRef = 93775F9C2584E9E600DCD6E4 /* Gingka Hagane from Beyblade.json */; };
		93775FA22584E9F000DCD6E4 /* Gohan.json in Resources */ = {isa = PBXBuildFile; fileRef = 93775FA12584E9F000DCD6E4 /* Gohan.json */; };
		93775FA72584E9F700DCD6E4 /* Goku Super Saiyan.json in Resources */ = {isa = PBXBuildFile; fileRef = 93775FA62584E9F700DCD6E4 /* Goku Super Saiyan.json */; };
		93775FAC2584E9FF00DCD6E4 /* Hatsune Miku.json in Resources */ = {isa = PBXBuildFile; fileRef = 93775FAB2584E9FF00DCD6E4 /* Hatsune Miku.json */; };
		93775FB12584EA0600DCD6E4 /* Hello Kitty.json in Resources */ = {isa = PBXBuildFile; fileRef = 93775FB02584EA0600DCD6E4 /* Hello Kitty.json */; };
		93775FB62584EA1100DCD6E4 /* Inuyasha.json in Resources */ = {isa = PBXBuildFile; fileRef = 93775FB52584EA1100DCD6E4 /* Inuyasha.json */; };
		93775FBB2584EA1700DCD6E4 /* Itachi Uchiha.json in Resources */ = {isa = PBXBuildFile; fileRef = 93775FBA2584EA1700DCD6E4 /* Itachi Uchiha.json */; };
		93775FC02584EA1E00DCD6E4 /* Kagami Hiiragi.json in Resources */ = {isa = PBXBuildFile; fileRef = 93775FBF2584EA1E00DCD6E4 /* Kagami Hiiragi.json */; };
		93775FC52584EA2500DCD6E4 /* Kagome Higurashi.json in Resources */ = {isa = PBXBuildFile; fileRef = 93775FC42584EA2500DCD6E4 /* Kagome Higurashi.json */; };
		93775FCA2584EA3900DCD6E4 /* Kakashi Hatake.json in Resources */ = {isa = PBXBuildFile; fileRef = 93775FC92584EA3900DCD6E4 /* Kakashi Hatake.json */; };
		93775FCF2584EA4100DCD6E4 /* Konata Izumi.json in Resources */ = {isa = PBXBuildFile; fileRef = 93775FCE2584EA4100DCD6E4 /* Konata Izumi.json */; };
		93775FD42584EA4B00DCD6E4 /* Korra.json in Resources */ = {isa = PBXBuildFile; fileRef = 93775FD32584EA4B00DCD6E4 /* Korra.json */; };
		93775FD92584EA5100DCD6E4 /* Link from Legend of Zelda.json in Resources */ = {isa = PBXBuildFile; fileRef = 93775FD82584EA5100DCD6E4 /* Link from Legend of Zelda.json */; };
		93775FDE2584EA5900DCD6E4 /* Pikachu Pokémon.json in Resources */ = {isa = PBXBuildFile; fileRef = 93775FDD2584EA5900DCD6E4 /* Pikachu Pokémon.json */; };
		93775FE32584EA6400DCD6E4 /* Sasuke.json in Resources */ = {isa = PBXBuildFile; fileRef = 93775FE22584EA6400DCD6E4 /* Sasuke.json */; };
		93775FE82584EA6A00DCD6E4 /* Toshiro Hitsugaya.json in Resources */ = {isa = PBXBuildFile; fileRef = 93775FE72584EA6A00DCD6E4 /* Toshiro Hitsugaya.json */; };
		93775FF02584EAEC00DCD6E4 /* Aang from Avatar.json in Resources */ = {isa = PBXBuildFile; fileRef = 93775FEF2584EAEC00DCD6E4 /* Aang from Avatar.json */; };
		93775FF82584F19C00DCD6E4 /* String+Extension.swift in Sources */ = {isa = PBXBuildFile; fileRef = 93775FF72584F19C00DCD6E4 /* String+Extension.swift */; };
		9377600F2584F36E00DCD6E4 /* Step by Step.json in Resources */ = {isa = PBXBuildFile; fileRef = 9377600E2584F36E00DCD6E4 /* Step by Step.json */; };
		937760142584F38100DCD6E4 /* Tutorials.json in Resources */ = {isa = PBXBuildFile; fileRef = 937760132584F38100DCD6E4 /* Tutorials.json */; };
		93ACC02925830AFB0066B1E1 /* ReadJSON.swift in Sources */ = {isa = PBXBuildFile; fileRef = 93ACC02825830AFB0066B1E1 /* ReadJSON.swift */; };
		93ACC03225830DF40066B1E1 /* StepModel.swift in Sources */ = {isa = PBXBuildFile; fileRef = 93ACC03125830DF40066B1E1 /* StepModel.swift */; };
		93ACC0972583207E0066B1E1 /* UIView+Extension.swift in Sources */ = {isa = PBXBuildFile; fileRef = 93ACC0962583207E0066B1E1 /* UIView+Extension.swift */; };
		93ACC0A1258322F50066B1E1 /* StepDetail.swift in Sources */ = {isa = PBXBuildFile; fileRef = 93ACC09F258322F50066B1E1 /* StepDetail.swift */; };
		93ACC0A2258322F50066B1E1 /* StepDetail.xib in Resources */ = {isa = PBXBuildFile; fileRef = 93ACC0A0258322F50066B1E1 /* StepDetail.xib */; };
		D9214865F80662E7698A8DA0 /* Pods_AnimeDrawTests.framework in Frameworks */ = {isa = PBXBuildFile; fileRef = 460D95E6532D470AF4DBA370 /* Pods_AnimeDrawTests.framework */; };
/* End PBXBuildFile section */

/* Begin PBXContainerItemProxy section */
		9371E6E0257BA8F000F0A54F /* PBXContainerItemProxy */ = {
			isa = PBXContainerItemProxy;
			containerPortal = 9371E6BE257BA8EE00F0A54F /* Project object */;
			proxyType = 1;
			remoteGlobalIDString = 9371E6C5257BA8EE00F0A54F;
			remoteInfo = AnimeDraw;
		};
		9371E6EB257BA8F000F0A54F /* PBXContainerItemProxy */ = {
			isa = PBXContainerItemProxy;
			containerPortal = 9371E6BE257BA8EE00F0A54F /* Project object */;
			proxyType = 1;
			remoteGlobalIDString = 9371E6C5257BA8EE00F0A54F;
			remoteInfo = AnimeDraw;
		};
/* End PBXContainerItemProxy section */

/* Begin PBXFileReference section */
		03EF893E023C7704E923A133 /* Pods-AnimeDraw.debug.xcconfig */ = {isa = PBXFileReference; includeInIndex = 1; lastKnownFileType = text.xcconfig; name = "Pods-AnimeDraw.debug.xcconfig"; path = "Target Support Files/Pods-AnimeDraw/Pods-AnimeDraw.debug.xcconfig"; sourceTree = "<group>"; };
		289A5361AF2796B54835FE39 /* Pods-AnimeDraw-AnimeDrawUITests.debug.xcconfig */ = {isa = PBXFileReference; includeInIndex = 1; lastKnownFileType = text.xcconfig; name = "Pods-AnimeDraw-AnimeDrawUITests.debug.xcconfig"; path = "Target Support Files/Pods-AnimeDraw-AnimeDrawUITests/Pods-AnimeDraw-AnimeDrawUITests.debug.xcconfig"; sourceTree = "<group>"; };
		2E3B01B425875FDF000B074D /* BMStepByStep.swift */ = {isa = PBXFileReference; lastKnownFileType = sourcecode.swift; path = BMStepByStep.swift; sourceTree = "<group>"; };
		2E3B01B525875FDF000B074D /* BMStepByStep.xib */ = {isa = PBXFileReference; lastKnownFileType = file.xib; path = BMStepByStep.xib; sourceTree = "<group>"; };
		2E47397D258AF27300B0180D /* Naruto.json */ = {isa = PBXFileReference; fileEncoding = 4; lastKnownFileType = text.json; path = Naruto.json; sourceTree = "<group>"; };
		2E473985258AF95A00B0180D /* Monkey D. Luffy.json */ = {isa = PBXFileReference; fileEncoding = 4; lastKnownFileType = text.json; path = "Monkey D. Luffy.json"; sourceTree = "<group>"; };
		2E47398A258AFD0100B0180D /* Roronoa Zoro.json */ = {isa = PBXFileReference; fileEncoding = 4; lastKnownFileType = text.json; path = "Roronoa Zoro.json"; sourceTree = "<group>"; };
		2E47398F258B168C00B0180D /* Nami.json */ = {isa = PBXFileReference; fileEncoding = 4; lastKnownFileType = text.json; path = Nami.json; sourceTree = "<group>"; };
		2E473994258B192E00B0180D /* Usopp.json */ = {isa = PBXFileReference; fileEncoding = 4; lastKnownFileType = text.json; path = Usopp.json; sourceTree = "<group>"; };
		2E4739A4258B2E5C00B0180D /* Bulma.json */ = {isa = PBXFileReference; fileEncoding = 4; lastKnownFileType = text.json; path = Bulma.json; sourceTree = "<group>"; };
		2E4739A9258B349500B0180D /* ChiChi.json */ = {isa = PBXFileReference; fileEncoding = 4; lastKnownFileType = text.json; path = ChiChi.json; sourceTree = "<group>"; };
		2E4739B3258B367400B0180D /* Captain Marvel.json */ = {isa = PBXFileReference; fileEncoding = 4; lastKnownFileType = text.json; name = "Captain Marvel.json"; path = "AnimeDraw/JSON/StepByStep/Dragon Ball /Captain Marvel.json"; sourceTree = SOURCE_ROOT; };
		2E4739BC258B394B00B0180D /* Spider Man.json */ = {isa = PBXFileReference; fileEncoding = 4; lastKnownFileType = text.json; path = "Spider Man.json"; sourceTree = "<group>"; };
		2E4916CD258A0A0100123011 /* How to Drawing Buzz Cut Male Anime Hair.json */ = {isa = PBXFileReference; fileEncoding = 4; lastKnownFileType = text.json; path = "How to Drawing Buzz Cut Male Anime Hair.json"; sourceTree = "<group>"; };
		2E9921862587045C0004A3C8 /* TutorialDetail.swift */ = {isa = PBXFileReference; lastKnownFileType = sourcecode.swift; path = TutorialDetail.swift; sourceTree = "<group>"; };
		2E9921872587045C0004A3C8 /* TutorialDetail.xib */ = {isa = PBXFileReference; lastKnownFileType = file.xib; path = TutorialDetail.xib; sourceTree = "<group>"; };
		2E9921912587053A0004A3C8 /* TutorialDetailCell.swift */ = {isa = PBXFileReference; lastKnownFileType = sourcecode.swift; path = TutorialDetailCell.swift; sourceTree = "<group>"; };
		2E9921922587053A0004A3C8 /* TutorialDetailCell.xib */ = {isa = PBXFileReference; lastKnownFileType = file.xib; path = TutorialDetailCell.xib; sourceTree = "<group>"; };
		2E99219C258707DF0004A3C8 /* Bodies.json */ = {isa = PBXFileReference; fileEncoding = 4; lastKnownFileType = text.json; path = Bodies.json; sourceTree = "<group>"; };
		2E9921AD25870B950004A3C8 /* DisplayTutorialVC.swift */ = {isa = PBXFileReference; lastKnownFileType = sourcecode.swift; path = DisplayTutorialVC.swift; sourceTree = "<group>"; };
		2E9921AE25870B950004A3C8 /* DisplayTutorialVC.xib */ = {isa = PBXFileReference; lastKnownFileType = file.xib; path = DisplayTutorialVC.xib; sourceTree = "<group>"; };
		2E9921B525870D0D0004A3C8 /* DisplayTutorialCell.swift */ = {isa = PBXFileReference; lastKnownFileType = sourcecode.swift; path = DisplayTutorialCell.swift; sourceTree = "<group>"; };
		2E9921B625870D0D0004A3C8 /* DisplayTutorialCell.xib */ = {isa = PBXFileReference; lastKnownFileType = file.xib; path = DisplayTutorialCell.xib; sourceTree = "<group>"; };
		2E9921C025870EB90004A3C8 /* DisplayTutorialModel.swift */ = {isa = PBXFileReference; lastKnownFileType = sourcecode.swift; path = DisplayTutorialModel.swift; sourceTree = "<group>"; };
		2E9921CC258726300004A3C8 /* BookMarksTutorial.swift */ = {isa = PBXFileReference; lastKnownFileType = sourcecode.swift; path = BookMarksTutorial.swift; sourceTree = "<group>"; };
		2E9921CD258726300004A3C8 /* BookMarksTutorial.xib */ = {isa = PBXFileReference; lastKnownFileType = file.xib; path = BookMarksTutorial.xib; sourceTree = "<group>"; };
		2E9921D625873E6F0004A3C8 /* RealmManage.swift */ = {isa = PBXFileReference; lastKnownFileType = sourcecode.swift; path = RealmManage.swift; sourceTree = "<group>"; };
		2E9921F8258740C00004A3C8 /* StepByStelRealmModel.swift */ = {isa = PBXFileReference; lastKnownFileType = sourcecode.swift; path = StepByStelRealmModel.swift; sourceTree = "<group>"; };
		2E992201258743670004A3C8 /* Encode+Extension.swift */ = {isa = PBXFileReference; lastKnownFileType = sourcecode.swift; path = "Encode+Extension.swift"; sourceTree = "<group>"; };
		2E99220725874F1B0004A3C8 /* BMStepCell.swift */ = {isa = PBXFileReference; lastKnownFileType = sourcecode.swift; path = BMStepCell.swift; sourceTree = "<group>"; };
		2E99220825874F1B0004A3C8 /* BMStepCell.xib */ = {isa = PBXFileReference; lastKnownFileType = file.xib; path = BMStepCell.xib; sourceTree = "<group>"; };
		375CF7F72C1BE34C71D51CB5 /* Pods_AnimeDraw_AnimeDrawUITests.framework */ = {isa = PBXFileReference; explicitFileType = wrapper.framework; includeInIndex = 0; path = Pods_AnimeDraw_AnimeDrawUITests.framework; sourceTree = BUILT_PRODUCTS_DIR; };
		460D95E6532D470AF4DBA370 /* Pods_AnimeDrawTests.framework */ = {isa = PBXFileReference; explicitFileType = wrapper.framework; includeInIndex = 0; path = Pods_AnimeDrawTests.framework; sourceTree = BUILT_PRODUCTS_DIR; };
		53F024C3140C9F72BE9063FF /* Pods_AnimeDraw.framework */ = {isa = PBXFileReference; explicitFileType = wrapper.framework; includeInIndex = 0; path = Pods_AnimeDraw.framework; sourceTree = BUILT_PRODUCTS_DIR; };
		673A40C71EF74BE33A0BA460 /* Pods-AnimeDrawTests.debug.xcconfig */ = {isa = PBXFileReference; includeInIndex = 1; lastKnownFileType = text.xcconfig; name = "Pods-AnimeDrawTests.debug.xcconfig"; path = "Target Support Files/Pods-AnimeDrawTests/Pods-AnimeDrawTests.debug.xcconfig"; sourceTree = "<group>"; };
		936E2CAC25826300003B634F /* How to Draw Male Eyes.json */ = {isa = PBXFileReference; fileEncoding = 4; lastKnownFileType = text.json; path = "How to Draw Male Eyes.json"; sourceTree = "<group>"; };
		936E2CAD25826300003B634F /* How to Draw Sharp Eyes.json */ = {isa = PBXFileReference; fileEncoding = 4; lastKnownFileType = text.json; path = "How to Draw Sharp Eyes.json"; sourceTree = "<group>"; };
		936E2CAE25826300003B634F /* How to Draw Various Facial Expressions.json */ = {isa = PBXFileReference; fileEncoding = 4; lastKnownFileType = text.json; path = "How to Draw Various Facial Expressions.json"; sourceTree = "<group>"; };
		936E2CAF25826300003B634F /* How to Draw Female Eyes.json */ = {isa = PBXFileReference; fileEncoding = 4; lastKnownFileType = text.json; path = "How to Draw Female Eyes.json"; sourceTree = "<group>"; };
		936E2CB025826301003B634F /* How to Draw Female Body.json */ = {isa = PBXFileReference; fileEncoding = 4; lastKnownFileType = text.json; path = "How to Draw Female Body.json"; sourceTree = "<group>"; };
		936E2CB125826301003B634F /* How to Draw Round Eyes.json */ = {isa = PBXFileReference; fileEncoding = 4; lastKnownFileType = text.json; path = "How to Draw Round Eyes.json"; sourceTree = "<group>"; };
		936E2CB225826301003B634F /* How to Draw Clothes.json */ = {isa = PBXFileReference; fileEncoding = 4; lastKnownFileType = text.json; path = "How to Draw Clothes.json"; sourceTree = "<group>"; };
		936E2CB325826301003B634F /* How to Draw Chibi.json */ = {isa = PBXFileReference; fileEncoding = 4; lastKnownFileType = text.json; path = "How to Draw Chibi.json"; sourceTree = "<group>"; };
		936E2CB425826301003B634F /* Ichigo Kurosaki Bankai.json */ = {isa = PBXFileReference; fileEncoding = 4; lastKnownFileType = text.json; path = "Ichigo Kurosaki Bankai.json"; sourceTree = "<group>"; };
		936E2CB525826301003B634F /* How to Draw Male Body.json */ = {isa = PBXFileReference; fileEncoding = 4; lastKnownFileType = text.json; path = "How to Draw Male Body.json"; sourceTree = "<group>"; };
		936E2CB625826302003B634F /* How to Draw Hair.json */ = {isa = PBXFileReference; fileEncoding = 4; lastKnownFileType = text.json; path = "How to Draw Hair.json"; sourceTree = "<group>"; };
		936E2CB725826302003B634F /* How to Draw Nose and Mouth.json */ = {isa = PBXFileReference; fileEncoding = 4; lastKnownFileType = text.json; path = "How to Draw Nose and Mouth.json"; sourceTree = "<group>"; };
		936E2CC725826549003B634F /* Sample.json */ = {isa = PBXFileReference; fileEncoding = 4; lastKnownFileType = text.json; path = Sample.json; sourceTree = "<group>"; };
		9371E6C6257BA8EE00F0A54F /* AnimeDraw.app */ = {isa = PBXFileReference; explicitFileType = wrapper.application; includeInIndex = 0; path = AnimeDraw.app; sourceTree = BUILT_PRODUCTS_DIR; };
		9371E6C9257BA8EE00F0A54F /* AppDelegate.swift */ = {isa = PBXFileReference; lastKnownFileType = sourcecode.swift; path = AppDelegate.swift; sourceTree = "<group>"; };
		9371E6CB257BA8EE00F0A54F /* SceneDelegate.swift */ = {isa = PBXFileReference; lastKnownFileType = sourcecode.swift; path = SceneDelegate.swift; sourceTree = "<group>"; };
		9371E6CD257BA8EE00F0A54F /* ViewController.swift */ = {isa = PBXFileReference; lastKnownFileType = sourcecode.swift; path = ViewController.swift; sourceTree = "<group>"; };
		9371E6D0257BA8EE00F0A54F /* Base */ = {isa = PBXFileReference; lastKnownFileType = file.storyboard; name = Base; path = Base.lproj/Main.storyboard; sourceTree = "<group>"; };
		9371E6D3257BA8EE00F0A54F /* AnimeDraw.xcdatamodel */ = {isa = PBXFileReference; lastKnownFileType = wrapper.xcdatamodel; path = AnimeDraw.xcdatamodel; sourceTree = "<group>"; };
		9371E6D5257BA8F000F0A54F /* Assets.xcassets */ = {isa = PBXFileReference; lastKnownFileType = folder.assetcatalog; path = Assets.xcassets; sourceTree = "<group>"; };
		9371E6D8257BA8F000F0A54F /* Base */ = {isa = PBXFileReference; lastKnownFileType = file.storyboard; name = Base; path = Base.lproj/LaunchScreen.storyboard; sourceTree = "<group>"; };
		9371E6DA257BA8F000F0A54F /* Info.plist */ = {isa = PBXFileReference; lastKnownFileType = text.plist.xml; path = Info.plist; sourceTree = "<group>"; };
		9371E6DF257BA8F000F0A54F /* AnimeDrawTests.xctest */ = {isa = PBXFileReference; explicitFileType = wrapper.cfbundle; includeInIndex = 0; path = AnimeDrawTests.xctest; sourceTree = BUILT_PRODUCTS_DIR; };
		9371E6E3257BA8F000F0A54F /* AnimeDrawTests.swift */ = {isa = PBXFileReference; lastKnownFileType = sourcecode.swift; path = AnimeDrawTests.swift; sourceTree = "<group>"; };
		9371E6E5257BA8F000F0A54F /* Info.plist */ = {isa = PBXFileReference; lastKnownFileType = text.plist.xml; path = Info.plist; sourceTree = "<group>"; };
		9371E6EA257BA8F000F0A54F /* AnimeDrawUITests.xctest */ = {isa = PBXFileReference; explicitFileType = wrapper.cfbundle; includeInIndex = 0; path = AnimeDrawUITests.xctest; sourceTree = BUILT_PRODUCTS_DIR; };
		9371E6EE257BA8F000F0A54F /* AnimeDrawUITests.swift */ = {isa = PBXFileReference; lastKnownFileType = sourcecode.swift; path = AnimeDrawUITests.swift; sourceTree = "<group>"; };
		9371E6F0257BA8F000F0A54F /* Info.plist */ = {isa = PBXFileReference; lastKnownFileType = text.plist.xml; path = Info.plist; sourceTree = "<group>"; };
		9371E748257BAD6800F0A54F /* ViewController+Extension.swift */ = {isa = PBXFileReference; lastKnownFileType = sourcecode.swift; path = "ViewController+Extension.swift"; sourceTree = "<group>"; };
		9371E74D257BAD9300F0A54F /* HomeTabbar.swift */ = {isa = PBXFileReference; lastKnownFileType = sourcecode.swift; path = HomeTabbar.swift; sourceTree = "<group>"; };
		9371E753257BAE2F00F0A54F /* StepByStepVC.swift */ = {isa = PBXFileReference; lastKnownFileType = sourcecode.swift; path = StepByStepVC.swift; sourceTree = "<group>"; };
		9371E75E257BAE5900F0A54F /* TutorialsVC.swift */ = {isa = PBXFileReference; lastKnownFileType = sourcecode.swift; path = TutorialsVC.swift; sourceTree = "<group>"; };
		9371E769257BAE7400F0A54F /* BookMarks.swift */ = {isa = PBXFileReference; lastKnownFileType = sourcecode.swift; path = BookMarks.swift; sourceTree = "<group>"; };
		9371E774257BB50D00F0A54F /* StepCell.swift */ = {isa = PBXFileReference; lastKnownFileType = sourcecode.swift; path = StepCell.swift; sourceTree = "<group>"; };
		9371E775257BB50D00F0A54F /* StepCell.xib */ = {isa = PBXFileReference; lastKnownFileType = file.xib; path = StepCell.xib; sourceTree = "<group>"; };
		93775F4B2584E2E700DCD6E4 /* PropertyWapper.swift */ = {isa = PBXFileReference; lastKnownFileType = sourcecode.swift; path = PropertyWapper.swift; sourceTree = "<group>"; };
		93775F512584E68900DCD6E4 /* StepDetailCell.swift */ = {isa = PBXFileReference; lastKnownFileType = sourcecode.swift; path = StepDetailCell.swift; sourceTree = "<group>"; };
		93775F522584E68900DCD6E4 /* StepDetailCell.xib */ = {isa = PBXFileReference; lastKnownFileType = file.xib; path = StepDetailCell.xib; sourceTree = "<group>"; };
		93775F602584E97900DCD6E4 /* Anime boy.json */ = {isa = PBXFileReference; fileEncoding = 4; lastKnownFileType = text.json; path = "Anime boy.json"; sourceTree = "<group>"; };
		93775F652584E98100DCD6E4 /* Anime cat.json */ = {isa = PBXFileReference; fileEncoding = 4; lastKnownFileType = text.json; path = "Anime cat.json"; sourceTree = "<group>"; };
		93775F6A2584E98A00DCD6E4 /* Anime dog.json */ = {isa = PBXFileReference; fileEncoding = 4; lastKnownFileType = text.json; path = "Anime dog.json"; sourceTree = "<group>"; };
		93775F6F2584E99100DCD6E4 /* Anime girl.json */ = {isa = PBXFileReference; fileEncoding = 4; lastKnownFileType = text.json; path = "Anime girl.json"; sourceTree = "<group>"; };
		93775F742584E9A400DCD6E4 /* Ash Ketchum.json */ = {isa = PBXFileReference; fileEncoding = 4; lastKnownFileType = text.json; path = "Ash Ketchum.json"; sourceTree = "<group>"; };
		93775F792584E9AE00DCD6E4 /* Bishounen.json */ = {isa = PBXFileReference; fileEncoding = 4; lastKnownFileType = text.json; path = Bishounen.json; sourceTree = "<group>"; };
		93775F7E2584E9B500DCD6E4 /* Bulbasaur Pokemon.json */ = {isa = PBXFileReference; fileEncoding = 4; lastKnownFileType = text.json; path = "Bulbasaur Pokemon.json"; sourceTree = "<group>"; };
		93775F832584E9BD00DCD6E4 /* Deidara from Naruto.json */ = {isa = PBXFileReference; fileEncoding = 4; lastKnownFileType = text.json; path = "Deidara from Naruto.json"; sourceTree = "<group>"; };
		93775F882584E9C500DCD6E4 /* Detective Conan.json */ = {isa = PBXFileReference; fileEncoding = 4; lastKnownFileType = text.json; path = "Detective Conan.json"; sourceTree = "<group>"; };
		93775F8D2584E9CD00DCD6E4 /* Doraemon.json */ = {isa = PBXFileReference; fileEncoding = 4; lastKnownFileType = text.json; path = Doraemon.json; sourceTree = "<group>"; };
		93775F922584E9D400DCD6E4 /* Eevee the Pokemon.json */ = {isa = PBXFileReference; fileEncoding = 4; lastKnownFileType = text.json; path = "Eevee the Pokemon.json"; sourceTree = "<group>"; };
		93775F972584E9E000DCD6E4 /* Gaara.json */ = {isa = PBXFileReference; fileEncoding = 4; lastKnownFileType = text.json; path = Gaara.json; sourceTree = "<group>"; };
		93775F9C2584E9E600DCD6E4 /* Gingka Hagane from Beyblade.json */ = {isa = PBXFileReference; fileEncoding = 4; lastKnownFileType = text.json; path = "Gingka Hagane from Beyblade.json"; sourceTree = "<group>"; };
		93775FA12584E9F000DCD6E4 /* Gohan.json */ = {isa = PBXFileReference; fileEncoding = 4; lastKnownFileType = text.json; path = Gohan.json; sourceTree = "<group>"; };
		93775FA62584E9F700DCD6E4 /* Goku Super Saiyan.json */ = {isa = PBXFileReference; fileEncoding = 4; lastKnownFileType = text.json; path = "Goku Super Saiyan.json"; sourceTree = "<group>"; };
		93775FAB2584E9FF00DCD6E4 /* Hatsune Miku.json */ = {isa = PBXFileReference; fileEncoding = 4; lastKnownFileType = text.json; path = "Hatsune Miku.json"; sourceTree = "<group>"; };
		93775FB02584EA0600DCD6E4 /* Hello Kitty.json */ = {isa = PBXFileReference; fileEncoding = 4; lastKnownFileType = text.json; path = "Hello Kitty.json"; sourceTree = "<group>"; };
		93775FB52584EA1100DCD6E4 /* Inuyasha.json */ = {isa = PBXFileReference; fileEncoding = 4; lastKnownFileType = text.json; path = Inuyasha.json; sourceTree = "<group>"; };
		93775FBA2584EA1700DCD6E4 /* Itachi Uchiha.json */ = {isa = PBXFileReference; fileEncoding = 4; lastKnownFileType = text.json; path = "Itachi Uchiha.json"; sourceTree = "<group>"; };
		93775FBF2584EA1E00DCD6E4 /* Kagami Hiiragi.json */ = {isa = PBXFileReference; fileEncoding = 4; lastKnownFileType = text.json; path = "Kagami Hiiragi.json"; sourceTree = "<group>"; };
		93775FC42584EA2500DCD6E4 /* Kagome Higurashi.json */ = {isa = PBXFileReference; fileEncoding = 4; lastKnownFileType = text.json; path = "Kagome Higurashi.json"; sourceTree = "<group>"; };
		93775FC92584EA3900DCD6E4 /* Kakashi Hatake.json */ = {isa = PBXFileReference; fileEncoding = 4; lastKnownFileType = text.json; path = "Kakashi Hatake.json"; sourceTree = "<group>"; };
		93775FCE2584EA4100DCD6E4 /* Konata Izumi.json */ = {isa = PBXFileReference; fileEncoding = 4; lastKnownFileType = text.json; path = "Konata Izumi.json"; sourceTree = "<group>"; };
		93775FD32584EA4B00DCD6E4 /* Korra.json */ = {isa = PBXFileReference; fileEncoding = 4; lastKnownFileType = text.json; path = Korra.json; sourceTree = "<group>"; };
		93775FD82584EA5100DCD6E4 /* Link from Legend of Zelda.json */ = {isa = PBXFileReference; fileEncoding = 4; lastKnownFileType = text.json; path = "Link from Legend of Zelda.json"; sourceTree = "<group>"; };
		93775FDD2584EA5900DCD6E4 /* Pikachu Pokémon.json */ = {isa = PBXFileReference; fileEncoding = 4; lastKnownFileType = text.json; path = "Pikachu Pokémon.json"; sourceTree = "<group>"; };
		93775FE22584EA6400DCD6E4 /* Sasuke.json */ = {isa = PBXFileReference; fileEncoding = 4; lastKnownFileType = text.json; path = Sasuke.json; sourceTree = "<group>"; };
		93775FE72584EA6A00DCD6E4 /* Toshiro Hitsugaya.json */ = {isa = PBXFileReference; fileEncoding = 4; lastKnownFileType = text.json; path = "Toshiro Hitsugaya.json"; sourceTree = "<group>"; };
		93775FEF2584EAEC00DCD6E4 /* Aang from Avatar.json */ = {isa = PBXFileReference; fileEncoding = 4; lastKnownFileType = text.json; path = "Aang from Avatar.json"; sourceTree = "<group>"; };
		93775FF72584F19C00DCD6E4 /* String+Extension.swift */ = {isa = PBXFileReference; lastKnownFileType = sourcecode.swift; path = "String+Extension.swift"; sourceTree = "<group>"; };
		9377600E2584F36E00DCD6E4 /* Step by Step.json */ = {isa = PBXFileReference; fileEncoding = 4; lastKnownFileType = text.json; path = "Step by Step.json"; sourceTree = "<group>"; };
		937760132584F38100DCD6E4 /* Tutorials.json */ = {isa = PBXFileReference; fileEncoding = 4; lastKnownFileType = text.json; path = Tutorials.json; sourceTree = "<group>"; };
		93ACC02825830AFB0066B1E1 /* ReadJSON.swift */ = {isa = PBXFileReference; lastKnownFileType = sourcecode.swift; path = ReadJSON.swift; sourceTree = "<group>"; };
		93ACC03125830DF40066B1E1 /* StepModel.swift */ = {isa = PBXFileReference; lastKnownFileType = sourcecode.swift; path = StepModel.swift; sourceTree = "<group>"; };
		93ACC0962583207E0066B1E1 /* UIView+Extension.swift */ = {isa = PBXFileReference; lastKnownFileType = sourcecode.swift; path = "UIView+Extension.swift"; sourceTree = "<group>"; };
		93ACC09F258322F50066B1E1 /* StepDetail.swift */ = {isa = PBXFileReference; lastKnownFileType = sourcecode.swift; path = StepDetail.swift; sourceTree = "<group>"; };
		93ACC0A0258322F50066B1E1 /* StepDetail.xib */ = {isa = PBXFileReference; lastKnownFileType = file.xib; path = StepDetail.xib; sourceTree = "<group>"; };
		9940ABFA160C660F210F8515 /* Pods-AnimeDraw-AnimeDrawUITests.release.xcconfig */ = {isa = PBXFileReference; includeInIndex = 1; lastKnownFileType = text.xcconfig; name = "Pods-AnimeDraw-AnimeDrawUITests.release.xcconfig"; path = "Target Support Files/Pods-AnimeDraw-AnimeDrawUITests/Pods-AnimeDraw-AnimeDrawUITests.release.xcconfig"; sourceTree = "<group>"; };
		B92058FE3419317AF3ADAD49 /* Pods-AnimeDrawTests.release.xcconfig */ = {isa = PBXFileReference; includeInIndex = 1; lastKnownFileType = text.xcconfig; name = "Pods-AnimeDrawTests.release.xcconfig"; path = "Target Support Files/Pods-AnimeDrawTests/Pods-AnimeDrawTests.release.xcconfig"; sourceTree = "<group>"; };
		F8A4756088CDBAC33BDF0D18 /* Pods-AnimeDraw.release.xcconfig */ = {isa = PBXFileReference; includeInIndex = 1; lastKnownFileType = text.xcconfig; name = "Pods-AnimeDraw.release.xcconfig"; path = "Target Support Files/Pods-AnimeDraw/Pods-AnimeDraw.release.xcconfig"; sourceTree = "<group>"; };
/* End PBXFileReference section */

/* Begin PBXFrameworksBuildPhase section */
		9371E6C3257BA8EE00F0A54F /* Frameworks */ = {
			isa = PBXFrameworksBuildPhase;
			buildActionMask = 2147483647;
			files = (
				2C6253979ADDFB4D3BFAB4DB /* Pods_AnimeDraw.framework in Frameworks */,
			);
			runOnlyForDeploymentPostprocessing = 0;
		};
		9371E6DC257BA8F000F0A54F /* Frameworks */ = {
			isa = PBXFrameworksBuildPhase;
			buildActionMask = 2147483647;
			files = (
				D9214865F80662E7698A8DA0 /* Pods_AnimeDrawTests.framework in Frameworks */,
			);
			runOnlyForDeploymentPostprocessing = 0;
		};
		9371E6E7257BA8F000F0A54F /* Frameworks */ = {
			isa = PBXFrameworksBuildPhase;
			buildActionMask = 2147483647;
			files = (
				05ECAC263209F8233DD4DDA5 /* Pods_AnimeDraw_AnimeDrawUITests.framework in Frameworks */,
			);
			runOnlyForDeploymentPostprocessing = 0;
		};
/* End PBXFrameworksBuildPhase section */

/* Begin PBXGroup section */
		2E3B01B225875F64000B074D /* Tutorials */ = {
			isa = PBXGroup;
			children = (
				2E9921CC258726300004A3C8 /* BookMarksTutorial.swift */,
				2E9921CD258726300004A3C8 /* BookMarksTutorial.xib */,
			);
			path = Tutorials;
			sourceTree = "<group>";
		};
		2E3B01B325875F70000B074D /* StepByStep */ = {
			isa = PBXGroup;
			children = (
				2E3B01B425875FDF000B074D /* BMStepByStep.swift */,
				2E3B01B525875FDF000B074D /* BMStepByStep.xib */,
			);
			path = StepByStep;
			sourceTree = "<group>";
		};
		2E473999258B193600B0180D /* One Piece */ = {
			isa = PBXGroup;
			children = (
				2E473994258B192E00B0180D /* Usopp.json */,
				2E47398F258B168C00B0180D /* Nami.json */,
				2E47398A258AFD0100B0180D /* Roronoa Zoro.json */,
				2E473985258AF95A00B0180D /* Monkey D. Luffy.json */,
			);
			path = "One Piece";
			sourceTree = "<group>";
		};
		2E4739A0258B1C7300B0180D /* Dragon Ball  */ = {
			isa = PBXGroup;
			children = (
				2E4739A9258B349500B0180D /* ChiChi.json */,
				2E4739A4258B2E5C00B0180D /* Bulma.json */,
				93775FA12584E9F000DCD6E4 /* Gohan.json */,
				93775FA62584E9F700DCD6E4 /* Goku Super Saiyan.json */,
			);
			path = "Dragon Ball ";
			sourceTree = "<group>";
		};
		2E4739AE258B357C00B0180D /* Marvel */ = {
			isa = PBXGroup;
			children = (
				2E4739B8258B381300B0180D /* Spider Man */,
				2E4739AF258B35F100B0180D /* Captain Marvel */,
			);
			path = Marvel;
			sourceTree = "<group>";
		};
		2E4739AF258B35F100B0180D /* Captain Marvel */ = {
			isa = PBXGroup;
			children = (
				2E4739B3258B367400B0180D /* Captain Marvel.json */,
			);
			path = "Captain Marvel";
			sourceTree = "<group>";
		};
		2E4739B8258B381300B0180D /* Spider Man */ = {
			isa = PBXGroup;
			children = (
				2E4739BC258B394B00B0180D /* Spider Man.json */,
			);
			path = "Spider Man";
			sourceTree = "<group>";
		};
		2E992185258704350004A3C8 /* TutorialDetail */ = {
			isa = PBXGroup;
			children = (
				2E9921902587051B0004A3C8 /* Cell */,
				2E9921862587045C0004A3C8 /* TutorialDetail.swift */,
				2E9921872587045C0004A3C8 /* TutorialDetail.xib */,
			);
			path = TutorialDetail;
			sourceTree = "<group>";
		};
		2E9921902587051B0004A3C8 /* Cell */ = {
			isa = PBXGroup;
			children = (
				2E9921912587053A0004A3C8 /* TutorialDetailCell.swift */,
				2E9921922587053A0004A3C8 /* TutorialDetailCell.xib */,
			);
			path = Cell;
			sourceTree = "<group>";
		};
		2E99219B258707A40004A3C8 /* Bodies */ = {
			isa = PBXGroup;
			children = (
				2E99219C258707DF0004A3C8 /* Bodies.json */,
				936E2CB525826301003B634F /* How to Draw Male Body.json */,
				936E2CB025826301003B634F /* How to Draw Female Body.json */,
				2E4916CD258A0A0100123011 /* How to Drawing Buzz Cut Male Anime Hair.json */,
			);
			path = Bodies;
			sourceTree = "<group>";
		};
		2E9921A1258709150004A3C8 /* Chibi Characters */ = {
			isa = PBXGroup;
			children = (
				936E2CB325826301003B634F /* How to Draw Chibi.json */,
			);
			path = "Chibi Characters";
			sourceTree = "<group>";
		};
		2E9921A22587098B0004A3C8 /* DisplayTutorial */ = {
			isa = PBXGroup;
			children = (
				2E9921BF25870E820004A3C8 /* Model */,
				2E9921B425870CF60004A3C8 /* Cell */,
				2E9921AD25870B950004A3C8 /* DisplayTutorialVC.swift */,
				2E9921AE25870B950004A3C8 /* DisplayTutorialVC.xib */,
			);
			path = DisplayTutorial;
			sourceTree = "<group>";
		};
		2E9921B425870CF60004A3C8 /* Cell */ = {
			isa = PBXGroup;
			children = (
				2E9921B525870D0D0004A3C8 /* DisplayTutorialCell.swift */,
				2E9921B625870D0D0004A3C8 /* DisplayTutorialCell.xib */,
			);
			path = Cell;
			sourceTree = "<group>";
		};
		2E9921BF25870E820004A3C8 /* Model */ = {
			isa = PBXGroup;
			children = (
				2E9921C025870EB90004A3C8 /* DisplayTutorialModel.swift */,
			);
			path = Model;
			sourceTree = "<group>";
		};
		2E9921CB258725F10004A3C8 /* ViewControllers */ = {
			isa = PBXGroup;
			children = (
				2E3B01B325875F70000B074D /* StepByStep */,
				2E3B01B225875F64000B074D /* Tutorials */,
			);
			path = ViewControllers;
			sourceTree = "<group>";
		};
		2E9921F6258740920004A3C8 /* Realm */ = {
			isa = PBXGroup;
			children = (
				2E9921F72587409C0004A3C8 /* Model */,
				2E9921D625873E6F0004A3C8 /* RealmManage.swift */,
			);
			path = Realm;
			sourceTree = "<group>";
		};
		2E9921F72587409C0004A3C8 /* Model */ = {
			isa = PBXGroup;
			children = (
				2E9921F8258740C00004A3C8 /* StepByStelRealmModel.swift */,
			);
			path = Model;
			sourceTree = "<group>";
		};
		2E99220625874EFC0004A3C8 /* Cell */ = {
			isa = PBXGroup;
			children = (
				2E99220725874F1B0004A3C8 /* BMStepCell.swift */,
				2E99220825874F1B0004A3C8 /* BMStepCell.xib */,
			);
			path = Cell;
			sourceTree = "<group>";
		};
		4343032CFA6CFE9A5D532046 /* Pods */ = {
			isa = PBXGroup;
			children = (
				03EF893E023C7704E923A133 /* Pods-AnimeDraw.debug.xcconfig */,
				F8A4756088CDBAC33BDF0D18 /* Pods-AnimeDraw.release.xcconfig */,
				289A5361AF2796B54835FE39 /* Pods-AnimeDraw-AnimeDrawUITests.debug.xcconfig */,
				9940ABFA160C660F210F8515 /* Pods-AnimeDraw-AnimeDrawUITests.release.xcconfig */,
				673A40C71EF74BE33A0BA460 /* Pods-AnimeDrawTests.debug.xcconfig */,
				B92058FE3419317AF3ADAD49 /* Pods-AnimeDrawTests.release.xcconfig */,
			);
			path = Pods;
			sourceTree = "<group>";
		};
		936E2CAB258262F1003B634F /* JSON */ = {
			isa = PBXGroup;
			children = (
				93775FFD2584F31000DCD6E4 /* Tutorials */,
				93775FFC2584F2F900DCD6E4 /* StepByStep */,
				9377601E2584F47700DCD6E4 /* ResourceJSon */,
			);
			path = JSON;
			sourceTree = "<group>";
		};
		9371E6BD257BA8EE00F0A54F = {
			isa = PBXGroup;
			children = (
				9371E6C8257BA8EE00F0A54F /* AnimeDraw */,
				9371E6E2257BA8F000F0A54F /* AnimeDrawTests */,
				9371E6ED257BA8F000F0A54F /* AnimeDrawUITests */,
				9371E6C7257BA8EE00F0A54F /* Products */,
				4343032CFA6CFE9A5D532046 /* Pods */,
				C85BB7EEF06AB6A54E41CF06 /* Frameworks */,
			);
			sourceTree = "<group>";
		};
		9371E6C7257BA8EE00F0A54F /* Products */ = {
			isa = PBXGroup;
			children = (
				9371E6C6257BA8EE00F0A54F /* AnimeDraw.app */,
				9371E6DF257BA8F000F0A54F /* AnimeDrawTests.xctest */,
				9371E6EA257BA8F000F0A54F /* AnimeDrawUITests.xctest */,
			);
			name = Products;
			sourceTree = "<group>";
		};
		9371E6C8257BA8EE00F0A54F /* AnimeDraw */ = {
			isa = PBXGroup;
			children = (
				936E2CAB258262F1003B634F /* JSON */,
				93ACC02725830AE80066B1E1 /* Service */,
				9371E747257BAD4100F0A54F /* Extension */,
				9371E745257BAD1A00F0A54F /* Modules */,
				9371E6C9257BA8EE00F0A54F /* AppDelegate.swift */,
				9371E6CB257BA8EE00F0A54F /* SceneDelegate.swift */,
				9371E6CD257BA8EE00F0A54F /* ViewController.swift */,
				9371E6CF257BA8EE00F0A54F /* Main.storyboard */,
				9371E6D5257BA8F000F0A54F /* Assets.xcassets */,
				9371E6D7257BA8F000F0A54F /* LaunchScreen.storyboard */,
				9371E6DA257BA8F000F0A54F /* Info.plist */,
				9371E6D2257BA8EE00F0A54F /* AnimeDraw.xcdatamodeld */,
			);
			path = AnimeDraw;
			sourceTree = "<group>";
		};
		9371E6E2257BA8F000F0A54F /* AnimeDrawTests */ = {
			isa = PBXGroup;
			children = (
				9371E6E3257BA8F000F0A54F /* AnimeDrawTests.swift */,
				9371E6E5257BA8F000F0A54F /* Info.plist */,
			);
			path = AnimeDrawTests;
			sourceTree = "<group>";
		};
		9371E6ED257BA8F000F0A54F /* AnimeDrawUITests */ = {
			isa = PBXGroup;
			children = (
				9371E6EE257BA8F000F0A54F /* AnimeDrawUITests.swift */,
				9371E6F0257BA8F000F0A54F /* Info.plist */,
			);
			path = AnimeDrawUITests;
			sourceTree = "<group>";
		};
		9371E745257BAD1A00F0A54F /* Modules */ = {
			isa = PBXGroup;
			children = (
				2E9921A22587098B0004A3C8 /* DisplayTutorial */,
				9371E768257BAE6300F0A54F /* Bookmarks */,
				2E992185258704350004A3C8 /* TutorialDetail */,
				9371E75D257BAE3C00F0A54F /* Tutorials */,
				93ACC09E258322DA0066B1E1 /* StepDetail */,
				9371E752257BAE1900F0A54F /* StepByStep */,
				9371E746257BAD2400F0A54F /* HomeTabbar */,
			);
			path = Modules;
			sourceTree = "<group>";
		};
		9371E746257BAD2400F0A54F /* HomeTabbar */ = {
			isa = PBXGroup;
			children = (
				9371E74D257BAD9300F0A54F /* HomeTabbar.swift */,
			);
			path = HomeTabbar;
			sourceTree = "<group>";
		};
		9371E747257BAD4100F0A54F /* Extension */ = {
			isa = PBXGroup;
			children = (
				9371E748257BAD6800F0A54F /* ViewController+Extension.swift */,
				93ACC0962583207E0066B1E1 /* UIView+Extension.swift */,
				93775FF72584F19C00DCD6E4 /* String+Extension.swift */,
				93775F4B2584E2E700DCD6E4 /* PropertyWapper.swift */,
				2E992201258743670004A3C8 /* Encode+Extension.swift */,
			);
			path = Extension;
			sourceTree = "<group>";
		};
		9371E752257BAE1900F0A54F /* StepByStep */ = {
			isa = PBXGroup;
			children = (
				93ACC03025830DBB0066B1E1 /* Model */,
				9371E773257BB4F500F0A54F /* Cell */,
				9371E753257BAE2F00F0A54F /* StepByStepVC.swift */,
			);
			path = StepByStep;
			sourceTree = "<group>";
		};
		9371E75D257BAE3C00F0A54F /* Tutorials */ = {
			isa = PBXGroup;
			children = (
				9371E75E257BAE5900F0A54F /* TutorialsVC.swift */,
			);
			path = Tutorials;
			sourceTree = "<group>";
		};
		9371E768257BAE6300F0A54F /* Bookmarks */ = {
			isa = PBXGroup;
			children = (
				2E99220625874EFC0004A3C8 /* Cell */,
				2E9921CB258725F10004A3C8 /* ViewControllers */,
				9371E769257BAE7400F0A54F /* BookMarks.swift */,
			);
			path = Bookmarks;
			sourceTree = "<group>";
		};
		9371E773257BB4F500F0A54F /* Cell */ = {
			isa = PBXGroup;
			children = (
				9371E774257BB50D00F0A54F /* StepCell.swift */,
				9371E775257BB50D00F0A54F /* StepCell.xib */,
			);
			path = Cell;
			sourceTree = "<group>";
		};
		93775F502584E66900DCD6E4 /* Cell */ = {
			isa = PBXGroup;
			children = (
				93775F512584E68900DCD6E4 /* StepDetailCell.swift */,
				93775F522584E68900DCD6E4 /* StepDetailCell.xib */,
			);
			path = Cell;
			sourceTree = "<group>";
		};
		93775FFC2584F2F900DCD6E4 /* StepByStep */ = {
			isa = PBXGroup;
			children = (
				9377600E2584F36E00DCD6E4 /* Step by Step.json */,
				2E473999258B193600B0180D /* One Piece */,
				2E4739A0258B1C7300B0180D /* Dragon Ball  */,
				2E4739AE258B357C00B0180D /* Marvel */,
				2E47397D258AF27300B0180D /* Naruto.json */,
				936E2CB425826301003B634F /* Ichigo Kurosaki Bankai.json */,
				93775FEF2584EAEC00DCD6E4 /* Aang from Avatar.json */,
				93775F602584E97900DCD6E4 /* Anime boy.json */,
				93775F652584E98100DCD6E4 /* Anime cat.json */,
				93775F6A2584E98A00DCD6E4 /* Anime dog.json */,
				93775F6F2584E99100DCD6E4 /* Anime girl.json */,
				93775F742584E9A400DCD6E4 /* Ash Ketchum.json */,
				93775F792584E9AE00DCD6E4 /* Bishounen.json */,
				93775F7E2584E9B500DCD6E4 /* Bulbasaur Pokemon.json */,
				93775F832584E9BD00DCD6E4 /* Deidara from Naruto.json */,
				93775F882584E9C500DCD6E4 /* Detective Conan.json */,
				93775F8D2584E9CD00DCD6E4 /* Doraemon.json */,
				93775F922584E9D400DCD6E4 /* Eevee the Pokemon.json */,
				93775F9C2584E9E600DCD6E4 /* Gingka Hagane from Beyblade.json */,
				93775F972584E9E000DCD6E4 /* Gaara.json */,
				93775FAB2584E9FF00DCD6E4 /* Hatsune Miku.json */,
				93775FB02584EA0600DCD6E4 /* Hello Kitty.json */,
				93775FB52584EA1100DCD6E4 /* Inuyasha.json */,
				93775FBA2584EA1700DCD6E4 /* Itachi Uchiha.json */,
				93775FBF2584EA1E00DCD6E4 /* Kagami Hiiragi.json */,
				93775FC42584EA2500DCD6E4 /* Kagome Higurashi.json */,
				93775FC92584EA3900DCD6E4 /* Kakashi Hatake.json */,
				93775FCE2584EA4100DCD6E4 /* Konata Izumi.json */,
				93775FD32584EA4B00DCD6E4 /* Korra.json */,
				93775FD82584EA5100DCD6E4 /* Link from Legend of Zelda.json */,
				93775FDD2584EA5900DCD6E4 /* Pikachu Pokémon.json */,
				93775FE22584EA6400DCD6E4 /* Sasuke.json */,
				93775FE72584EA6A00DCD6E4 /* Toshiro Hitsugaya.json */,
			);
			path = StepByStep;
			sourceTree = "<group>";
		};
		93775FFD2584F31000DCD6E4 /* Tutorials */ = {
			isa = PBXGroup;
			children = (
				937760132584F38100DCD6E4 /* Tutorials.json */,
				2E99219B258707A40004A3C8 /* Bodies */,
				2E9921A1258709150004A3C8 /* Chibi Characters */,
				936E2CB225826301003B634F /* How to Draw Clothes.json */,
				936E2CAF25826300003B634F /* How to Draw Female Eyes.json */,
				936E2CB625826302003B634F /* How to Draw Hair.json */,
				936E2CAC25826300003B634F /* How to Draw Male Eyes.json */,
				936E2CB725826302003B634F /* How to Draw Nose and Mouth.json */,
				936E2CB125826301003B634F /* How to Draw Round Eyes.json */,
				936E2CAD25826300003B634F /* How to Draw Sharp Eyes.json */,
				936E2CAE25826300003B634F /* How to Draw Various Facial Expressions.json */,
			);
			path = Tutorials;
			sourceTree = "<group>";
		};
		9377601E2584F47700DCD6E4 /* ResourceJSon */ = {
			isa = PBXGroup;
			children = (
				936E2CC725826549003B634F /* Sample.json */,
			);
			path = ResourceJSon;
			sourceTree = "<group>";
		};
		93ACC02725830AE80066B1E1 /* Service */ = {
			isa = PBXGroup;
			children = (
				2E9921F6258740920004A3C8 /* Realm */,
				93ACC02825830AFB0066B1E1 /* ReadJSON.swift */,
			);
			path = Service;
			sourceTree = "<group>";
		};
		93ACC03025830DBB0066B1E1 /* Model */ = {
			isa = PBXGroup;
			children = (
				93ACC03125830DF40066B1E1 /* StepModel.swift */,
			);
			path = Model;
			sourceTree = "<group>";
		};
		93ACC09E258322DA0066B1E1 /* StepDetail */ = {
			isa = PBXGroup;
			children = (
				93775F502584E66900DCD6E4 /* Cell */,
				93ACC09F258322F50066B1E1 /* StepDetail.swift */,
				93ACC0A0258322F50066B1E1 /* StepDetail.xib */,
			);
			path = StepDetail;
			sourceTree = "<group>";
		};
		C85BB7EEF06AB6A54E41CF06 /* Frameworks */ = {
			isa = PBXGroup;
			children = (
				53F024C3140C9F72BE9063FF /* Pods_AnimeDraw.framework */,
				375CF7F72C1BE34C71D51CB5 /* Pods_AnimeDraw_AnimeDrawUITests.framework */,
				460D95E6532D470AF4DBA370 /* Pods_AnimeDrawTests.framework */,
			);
			name = Frameworks;
			sourceTree = "<group>";
		};
/* End PBXGroup section */

/* Begin PBXNativeTarget section */
		9371E6C5257BA8EE00F0A54F /* AnimeDraw */ = {
			isa = PBXNativeTarget;
			buildConfigurationList = 9371E6F3257BA8F000F0A54F /* Build configuration list for PBXNativeTarget "AnimeDraw" */;
			buildPhases = (
				9E712450E8FBD20F6D712DA8 /* [CP] Check Pods Manifest.lock */,
				9371E6C2257BA8EE00F0A54F /* Sources */,
				9371E6C3257BA8EE00F0A54F /* Frameworks */,
				9371E6C4257BA8EE00F0A54F /* Resources */,
				305F0768BE337FC06D76DCB7 /* [CP] Embed Pods Frameworks */,
			);
			buildRules = (
			);
			dependencies = (
			);
			name = AnimeDraw;
			productName = AnimeDraw;
			productReference = 9371E6C6257BA8EE00F0A54F /* AnimeDraw.app */;
			productType = "com.apple.product-type.application";
		};
		9371E6DE257BA8F000F0A54F /* AnimeDrawTests */ = {
			isa = PBXNativeTarget;
			buildConfigurationList = 9371E6F6257BA8F000F0A54F /* Build configuration list for PBXNativeTarget "AnimeDrawTests" */;
			buildPhases = (
				4731E435569FCE236B52CF76 /* [CP] Check Pods Manifest.lock */,
				9371E6DB257BA8F000F0A54F /* Sources */,
				9371E6DC257BA8F000F0A54F /* Frameworks */,
				9371E6DD257BA8F000F0A54F /* Resources */,
			);
			buildRules = (
			);
			dependencies = (
				9371E6E1257BA8F000F0A54F /* PBXTargetDependency */,
			);
			name = AnimeDrawTests;
			productName = AnimeDrawTests;
			productReference = 9371E6DF257BA8F000F0A54F /* AnimeDrawTests.xctest */;
			productType = "com.apple.product-type.bundle.unit-test";
		};
		9371E6E9257BA8F000F0A54F /* AnimeDrawUITests */ = {
			isa = PBXNativeTarget;
			buildConfigurationList = 9371E6F9257BA8F000F0A54F /* Build configuration list for PBXNativeTarget "AnimeDrawUITests" */;
			buildPhases = (
				04ACDBF2F1386F99EA1F0073 /* [CP] Check Pods Manifest.lock */,
				9371E6E6257BA8F000F0A54F /* Sources */,
				9371E6E7257BA8F000F0A54F /* Frameworks */,
				9371E6E8257BA8F000F0A54F /* Resources */,
				05B74ABB4C44A6363D02A366 /* [CP] Embed Pods Frameworks */,
			);
			buildRules = (
			);
			dependencies = (
				9371E6EC257BA8F000F0A54F /* PBXTargetDependency */,
			);
			name = AnimeDrawUITests;
			productName = AnimeDrawUITests;
			productReference = 9371E6EA257BA8F000F0A54F /* AnimeDrawUITests.xctest */;
			productType = "com.apple.product-type.bundle.ui-testing";
		};
/* End PBXNativeTarget section */

/* Begin PBXProject section */
		9371E6BE257BA8EE00F0A54F /* Project object */ = {
			isa = PBXProject;
			attributes = {
				LastSwiftUpdateCheck = 1210;
				LastUpgradeCheck = 1210;
				TargetAttributes = {
					9371E6C5257BA8EE00F0A54F = {
						CreatedOnToolsVersion = 12.1;
					};
					9371E6DE257BA8F000F0A54F = {
						CreatedOnToolsVersion = 12.1;
						TestTargetID = 9371E6C5257BA8EE00F0A54F;
					};
					9371E6E9257BA8F000F0A54F = {
						CreatedOnToolsVersion = 12.1;
						TestTargetID = 9371E6C5257BA8EE00F0A54F;
					};
				};
			};
			buildConfigurationList = 9371E6C1257BA8EE00F0A54F /* Build configuration list for PBXProject "AnimeDraw" */;
			compatibilityVersion = "Xcode 9.3";
			developmentRegion = en;
			hasScannedForEncodings = 0;
			knownRegions = (
				en,
				Base,
			);
			mainGroup = 9371E6BD257BA8EE00F0A54F;
			productRefGroup = 9371E6C7257BA8EE00F0A54F /* Products */;
			projectDirPath = "";
			projectRoot = "";
			targets = (
				9371E6C5257BA8EE00F0A54F /* AnimeDraw */,
				9371E6DE257BA8F000F0A54F /* AnimeDrawTests */,
				9371E6E9257BA8F000F0A54F /* AnimeDrawUITests */,
			);
		};
/* End PBXProject section */

/* Begin PBXResourcesBuildPhase section */
		9371E6C4257BA8EE00F0A54F /* Resources */ = {
			isa = PBXResourcesBuildPhase;
			buildActionMask = 2147483647;
			files = (
				93775F662584E98100DCD6E4 /* Anime cat.json in Resources */,
				93775FD42584EA4B00DCD6E4 /* Korra.json in Resources */,
				2E9921942587053A0004A3C8 /* TutorialDetailCell.xib in Resources */,
				2E9921CF258726300004A3C8 /* BookMarksTutorial.xib in Resources */,
				2E473986258AF95A00B0180D /* Monkey D. Luffy.json in Resources */,
				936E2CBC25826302003B634F /* How to Draw Female Body.json in Resources */,
				9377600F2584F36E00DCD6E4 /* Step by Step.json in Resources */,
				9371E6D9257BA8F000F0A54F /* LaunchScreen.storyboard in Resources */,
				93775F752584E9A400DCD6E4 /* Ash Ketchum.json in Resources */,
				2E473995258B192E00B0180D /* Usopp.json in Resources */,
				2E9921892587045C0004A3C8 /* TutorialDetail.xib in Resources */,
				93775FE82584EA6A00DCD6E4 /* Toshiro Hitsugaya.json in Resources */,
				93775F542584E68900DCD6E4 /* StepDetailCell.xib in Resources */,
				2E4739AA258B349500B0180D /* ChiChi.json in Resources */,
				2E9921B825870D0D0004A3C8 /* DisplayTutorialCell.xib in Resources */,
				93775F982584E9E000DCD6E4 /* Gaara.json in Resources */,
				2E3B01B725875FDF000B074D /* BMStepByStep.xib in Resources */,
				93775F8E2584E9CD00DCD6E4 /* Doraemon.json in Resources */,
				936E2CC025826302003B634F /* Ichigo Kurosaki Bankai.json in Resources */,
				936E2CBA25826302003B634F /* How to Draw Various Facial Expressions.json in Resources */,
				936E2CBD25826302003B634F /* How to Draw Round Eyes.json in Resources */,
				93775F9D2584E9E600DCD6E4 /* Gingka Hagane from Beyblade.json in Resources */,
				93775FA22584E9F000DCD6E4 /* Gohan.json in Resources */,
				93775FC02584EA1E00DCD6E4 /* Kagami Hiiragi.json in Resources */,
				9371E777257BB50D00F0A54F /* StepCell.xib in Resources */,
				936E2CC125826302003B634F /* How to Draw Male Body.json in Resources */,
				2E4739A5258B2E5C00B0180D /* Bulma.json in Resources */,
				936E2CB825826302003B634F /* How to Draw Male Eyes.json in Resources */,
				2E47397E258AF27300B0180D /* Naruto.json in Resources */,
				93775FB62584EA1100DCD6E4 /* Inuyasha.json in Resources */,
				93775F932584E9D400DCD6E4 /* Eevee the Pokemon.json in Resources */,
				93775FCA2584EA3900DCD6E4 /* Kakashi Hatake.json in Resources */,
				936E2CC225826302003B634F /* How to Draw Hair.json in Resources */,
				937760142584F38100DCD6E4 /* Tutorials.json in Resources */,
				9371E6D6257BA8F000F0A54F /* Assets.xcassets in Resources */,
				93775F702584E99100DCD6E4 /* Anime girl.json in Resources */,
				2E47398B258AFD0100B0180D /* Roronoa Zoro.json in Resources */,
				936E2CC825826549003B634F /* Sample.json in Resources */,
				93775F6B2584E98A00DCD6E4 /* Anime dog.json in Resources */,
				936E2CB925826302003B634F /* How to Draw Sharp Eyes.json in Resources */,
				93775F7A2584E9AE00DCD6E4 /* Bishounen.json in Resources */,
				93775F7F2584E9B500DCD6E4 /* Bulbasaur Pokemon.json in Resources */,
				2E4739BD258B394B00B0180D /* Spider Man.json in Resources */,
				93775FDE2584EA5900DCD6E4 /* Pikachu Pokémon.json in Resources */,
				93775FE32584EA6400DCD6E4 /* Sasuke.json in Resources */,
				93775FC52584EA2500DCD6E4 /* Kagome Higurashi.json in Resources */,
				93775F842584E9BD00DCD6E4 /* Deidara from Naruto.json in Resources */,
				936E2CBF25826302003B634F /* How to Draw Chibi.json in Resources */,
				93775F892584E9C500DCD6E4 /* Detective Conan.json in Resources */,
				2E4916CE258A0A0100123011 /* How to Drawing Buzz Cut Male Anime Hair.json in Resources */,
				9371E6D1257BA8EE00F0A54F /* Main.storyboard in Resources */,
				2E99220A25874F1B0004A3C8 /* BMStepCell.xib in Resources */,
				93ACC0A2258322F50066B1E1 /* StepDetail.xib in Resources */,
				93775FBB2584EA1700DCD6E4 /* Itachi Uchiha.json in Resources */,
				2E473990258B168C00B0180D /* Nami.json in Resources */,
				936E2CBB25826302003B634F /* How to Draw Female Eyes.json in Resources */,
				93775FB12584EA0600DCD6E4 /* Hello Kitty.json in Resources */,
				93775FD92584EA5100DCD6E4 /* Link from Legend of Zelda.json in Resources */,
				2E9921B025870B950004A3C8 /* DisplayTutorialVC.xib in Resources */,
				936E2CBE25826302003B634F /* How to Draw Clothes.json in Resources */,
				93775FF02584EAEC00DCD6E4 /* Aang from Avatar.json in Resources */,
				936E2CC325826302003B634F /* How to Draw Nose and Mouth.json in Resources */,
				2E4739B4258B367400B0180D /* Captain Marvel.json in Resources */,
				2E99219D258707DF0004A3C8 /* Bodies.json in Resources */,
				93775FCF2584EA4100DCD6E4 /* Konata Izumi.json in Resources */,
				93775FA72584E9F700DCD6E4 /* Goku Super Saiyan.json in Resources */,
				93775F612584E97900DCD6E4 /* Anime boy.json in Resources */,
				93775FAC2584E9FF00DCD6E4 /* Hatsune Miku.json in Resources */,
			);
			runOnlyForDeploymentPostprocessing = 0;
		};
		9371E6DD257BA8F000F0A54F /* Resources */ = {
			isa = PBXResourcesBuildPhase;
			buildActionMask = 2147483647;
			files = (
			);
			runOnlyForDeploymentPostprocessing = 0;
		};
		9371E6E8257BA8F000F0A54F /* Resources */ = {
			isa = PBXResourcesBuildPhase;
			buildActionMask = 2147483647;
			files = (
			);
			runOnlyForDeploymentPostprocessing = 0;
		};
/* End PBXResourcesBuildPhase section */

/* Begin PBXShellScriptBuildPhase section */
		04ACDBF2F1386F99EA1F0073 /* [CP] Check Pods Manifest.lock */ = {
			isa = PBXShellScriptBuildPhase;
			buildActionMask = 2147483647;
			files = (
			);
			inputFileListPaths = (
			);
			inputPaths = (
				"${PODS_PODFILE_DIR_PATH}/Podfile.lock",
				"${PODS_ROOT}/Manifest.lock",
			);
			name = "[CP] Check Pods Manifest.lock";
			outputFileListPaths = (
			);
			outputPaths = (
				"$(DERIVED_FILE_DIR)/Pods-AnimeDraw-AnimeDrawUITests-checkManifestLockResult.txt",
			);
			runOnlyForDeploymentPostprocessing = 0;
			shellPath = /bin/sh;
			shellScript = "diff \"${PODS_PODFILE_DIR_PATH}/Podfile.lock\" \"${PODS_ROOT}/Manifest.lock\" > /dev/null\nif [ $? != 0 ] ; then\n    # print error to STDERR\n    echo \"error: The sandbox is not in sync with the Podfile.lock. Run 'pod install' or update your CocoaPods installation.\" >&2\n    exit 1\nfi\n# This output is used by Xcode 'outputs' to avoid re-running this script phase.\necho \"SUCCESS\" > \"${SCRIPT_OUTPUT_FILE_0}\"\n";
			showEnvVarsInLog = 0;
		};
		05B74ABB4C44A6363D02A366 /* [CP] Embed Pods Frameworks */ = {
			isa = PBXShellScriptBuildPhase;
			buildActionMask = 2147483647;
			files = (
			);
			inputFileListPaths = (
				"${PODS_ROOT}/Target Support Files/Pods-AnimeDraw-AnimeDrawUITests/Pods-AnimeDraw-AnimeDrawUITests-frameworks-${CONFIGURATION}-input-files.xcfilelist",
			);
			name = "[CP] Embed Pods Frameworks";
			outputFileListPaths = (
				"${PODS_ROOT}/Target Support Files/Pods-AnimeDraw-AnimeDrawUITests/Pods-AnimeDraw-AnimeDrawUITests-frameworks-${CONFIGURATION}-output-files.xcfilelist",
			);
			runOnlyForDeploymentPostprocessing = 0;
			shellPath = /bin/sh;
			shellScript = "\"${PODS_ROOT}/Target Support Files/Pods-AnimeDraw-AnimeDrawUITests/Pods-AnimeDraw-AnimeDrawUITests-frameworks.sh\"\n";
			showEnvVarsInLog = 0;
		};
		305F0768BE337FC06D76DCB7 /* [CP] Embed Pods Frameworks */ = {
			isa = PBXShellScriptBuildPhase;
			buildActionMask = 2147483647;
			files = (
			);
			inputFileListPaths = (
				"${PODS_ROOT}/Target Support Files/Pods-AnimeDraw/Pods-AnimeDraw-frameworks-${CONFIGURATION}-input-files.xcfilelist",
			);
			name = "[CP] Embed Pods Frameworks";
			outputFileListPaths = (
				"${PODS_ROOT}/Target Support Files/Pods-AnimeDraw/Pods-AnimeDraw-frameworks-${CONFIGURATION}-output-files.xcfilelist",
			);
			runOnlyForDeploymentPostprocessing = 0;
			shellPath = /bin/sh;
			shellScript = "\"${PODS_ROOT}/Target Support Files/Pods-AnimeDraw/Pods-AnimeDraw-frameworks.sh\"\n";
			showEnvVarsInLog = 0;
		};
		4731E435569FCE236B52CF76 /* [CP] Check Pods Manifest.lock */ = {
			isa = PBXShellScriptBuildPhase;
			buildActionMask = 2147483647;
			files = (
			);
			inputFileListPaths = (
			);
			inputPaths = (
				"${PODS_PODFILE_DIR_PATH}/Podfile.lock",
				"${PODS_ROOT}/Manifest.lock",
			);
			name = "[CP] Check Pods Manifest.lock";
			outputFileListPaths = (
			);
			outputPaths = (
				"$(DERIVED_FILE_DIR)/Pods-AnimeDrawTests-checkManifestLockResult.txt",
			);
			runOnlyForDeploymentPostprocessing = 0;
			shellPath = /bin/sh;
			shellScript = "diff \"${PODS_PODFILE_DIR_PATH}/Podfile.lock\" \"${PODS_ROOT}/Manifest.lock\" > /dev/null\nif [ $? != 0 ] ; then\n    # print error to STDERR\n    echo \"error: The sandbox is not in sync with the Podfile.lock. Run 'pod install' or update your CocoaPods installation.\" >&2\n    exit 1\nfi\n# This output is used by Xcode 'outputs' to avoid re-running this script phase.\necho \"SUCCESS\" > \"${SCRIPT_OUTPUT_FILE_0}\"\n";
			showEnvVarsInLog = 0;
		};
		9E712450E8FBD20F6D712DA8 /* [CP] Check Pods Manifest.lock */ = {
			isa = PBXShellScriptBuildPhase;
			buildActionMask = 2147483647;
			files = (
			);
			inputFileListPaths = (
			);
			inputPaths = (
				"${PODS_PODFILE_DIR_PATH}/Podfile.lock",
				"${PODS_ROOT}/Manifest.lock",
			);
			name = "[CP] Check Pods Manifest.lock";
			outputFileListPaths = (
			);
			outputPaths = (
				"$(DERIVED_FILE_DIR)/Pods-AnimeDraw-checkManifestLockResult.txt",
			);
			runOnlyForDeploymentPostprocessing = 0;
			shellPath = /bin/sh;
			shellScript = "diff \"${PODS_PODFILE_DIR_PATH}/Podfile.lock\" \"${PODS_ROOT}/Manifest.lock\" > /dev/null\nif [ $? != 0 ] ; then\n    # print error to STDERR\n    echo \"error: The sandbox is not in sync with the Podfile.lock. Run 'pod install' or update your CocoaPods installation.\" >&2\n    exit 1\nfi\n# This output is used by Xcode 'outputs' to avoid re-running this script phase.\necho \"SUCCESS\" > \"${SCRIPT_OUTPUT_FILE_0}\"\n";
			showEnvVarsInLog = 0;
		};
/* End PBXShellScriptBuildPhase section */

/* Begin PBXSourcesBuildPhase section */
		9371E6C2257BA8EE00F0A54F /* Sources */ = {
			isa = PBXSourcesBuildPhase;
			buildActionMask = 2147483647;
			files = (
				2E9921932587053A0004A3C8 /* TutorialDetailCell.swift in Sources */,
				2E9921882587045C0004A3C8 /* TutorialDetail.swift in Sources */,
				9371E74E257BAD9300F0A54F /* HomeTabbar.swift in Sources */,
				2E3B01B625875FDF000B074D /* BMStepByStep.swift in Sources */,
				2E9921F9258740C00004A3C8 /* StepByStelRealmModel.swift in Sources */,
				2E9921CE258726300004A3C8 /* BookMarksTutorial.swift in Sources */,
				93775F4C2584E2E700DCD6E4 /* PropertyWapper.swift in Sources */,
				9371E755257BAE2F00F0A54F /* StepByStepVC.swift in Sources */,
				2E9921D725873E6F0004A3C8 /* RealmManage.swift in Sources */,
				2E99220925874F1B0004A3C8 /* BMStepCell.swift in Sources */,
				2E9921AF25870B950004A3C8 /* DisplayTutorialVC.swift in Sources */,
				93ACC0972583207E0066B1E1 /* UIView+Extension.swift in Sources */,
				9371E6CE257BA8EE00F0A54F /* ViewController.swift in Sources */,
				93ACC02925830AFB0066B1E1 /* ReadJSON.swift in Sources */,
				9371E6CA257BA8EE00F0A54F /* AppDelegate.swift in Sources */,
				2E9921B725870D0D0004A3C8 /* DisplayTutorialCell.swift in Sources */,
				9371E76B257BAE7400F0A54F /* BookMarks.swift in Sources */,
				93775FF82584F19C00DCD6E4 /* String+Extension.swift in Sources */,
				9371E760257BAE5900F0A54F /* TutorialsVC.swift in Sources */,
				2E9921C125870EB90004A3C8 /* DisplayTutorialModel.swift in Sources */,
				93ACC0A1258322F50066B1E1 /* StepDetail.swift in Sources */,
				93ACC03225830DF40066B1E1 /* StepModel.swift in Sources */,
				9371E6D4257BA8EE00F0A54F /* AnimeDraw.xcdatamodeld in Sources */,
				9371E749257BAD6800F0A54F /* ViewController+Extension.swift in Sources */,
				9371E6CC257BA8EE00F0A54F /* SceneDelegate.swift in Sources */,
				2E992202258743670004A3C8 /* Encode+Extension.swift in Sources */,
				93775F532584E68900DCD6E4 /* StepDetailCell.swift in Sources */,
				9371E776257BB50D00F0A54F /* StepCell.swift in Sources */,
			);
			runOnlyForDeploymentPostprocessing = 0;
		};
		9371E6DB257BA8F000F0A54F /* Sources */ = {
			isa = PBXSourcesBuildPhase;
			buildActionMask = 2147483647;
			files = (
				9371E6E4257BA8F000F0A54F /* AnimeDrawTests.swift in Sources */,
			);
			runOnlyForDeploymentPostprocessing = 0;
		};
		9371E6E6257BA8F000F0A54F /* Sources */ = {
			isa = PBXSourcesBuildPhase;
			buildActionMask = 2147483647;
			files = (
				9371E6EF257BA8F000F0A54F /* AnimeDrawUITests.swift in Sources */,
			);
			runOnlyForDeploymentPostprocessing = 0;
		};
/* End PBXSourcesBuildPhase section */

/* Begin PBXTargetDependency section */
		9371E6E1257BA8F000F0A54F /* PBXTargetDependency */ = {
			isa = PBXTargetDependency;
			target = 9371E6C5257BA8EE00F0A54F /* AnimeDraw */;
			targetProxy = 9371E6E0257BA8F000F0A54F /* PBXContainerItemProxy */;
		};
		9371E6EC257BA8F000F0A54F /* PBXTargetDependency */ = {
			isa = PBXTargetDependency;
			target = 9371E6C5257BA8EE00F0A54F /* AnimeDraw */;
			targetProxy = 9371E6EB257BA8F000F0A54F /* PBXContainerItemProxy */;
		};
/* End PBXTargetDependency section */

/* Begin PBXVariantGroup section */
		9371E6CF257BA8EE00F0A54F /* Main.storyboard */ = {
			isa = PBXVariantGroup;
			children = (
				9371E6D0257BA8EE00F0A54F /* Base */,
			);
			name = Main.storyboard;
			sourceTree = "<group>";
		};
		9371E6D7257BA8F000F0A54F /* LaunchScreen.storyboard */ = {
			isa = PBXVariantGroup;
			children = (
				9371E6D8257BA8F000F0A54F /* Base */,
			);
			name = LaunchScreen.storyboard;
			sourceTree = "<group>";
		};
/* End PBXVariantGroup section */

/* Begin XCBuildConfiguration section */
		9371E6F1257BA8F000F0A54F /* Debug */ = {
			isa = XCBuildConfiguration;
			buildSettings = {
				ALWAYS_SEARCH_USER_PATHS = NO;
				CLANG_ANALYZER_NONNULL = YES;
				CLANG_ANALYZER_NUMBER_OBJECT_CONVERSION = YES_AGGRESSIVE;
				CLANG_CXX_LANGUAGE_STANDARD = "gnu++14";
				CLANG_CXX_LIBRARY = "libc++";
				CLANG_ENABLE_MODULES = YES;
				CLANG_ENABLE_OBJC_ARC = YES;
				CLANG_ENABLE_OBJC_WEAK = YES;
				CLANG_WARN_BLOCK_CAPTURE_AUTORELEASING = YES;
				CLANG_WARN_BOOL_CONVERSION = YES;
				CLANG_WARN_COMMA = YES;
				CLANG_WARN_CONSTANT_CONVERSION = YES;
				CLANG_WARN_DEPRECATED_OBJC_IMPLEMENTATIONS = YES;
				CLANG_WARN_DIRECT_OBJC_ISA_USAGE = YES_ERROR;
				CLANG_WARN_DOCUMENTATION_COMMENTS = YES;
				CLANG_WARN_EMPTY_BODY = YES;
				CLANG_WARN_ENUM_CONVERSION = YES;
				CLANG_WARN_INFINITE_RECURSION = YES;
				CLANG_WARN_INT_CONVERSION = YES;
				CLANG_WARN_NON_LITERAL_NULL_CONVERSION = YES;
				CLANG_WARN_OBJC_IMPLICIT_RETAIN_SELF = YES;
				CLANG_WARN_OBJC_LITERAL_CONVERSION = YES;
				CLANG_WARN_OBJC_ROOT_CLASS = YES_ERROR;
				CLANG_WARN_QUOTED_INCLUDE_IN_FRAMEWORK_HEADER = YES;
				CLANG_WARN_RANGE_LOOP_ANALYSIS = YES;
				CLANG_WARN_STRICT_PROTOTYPES = YES;
				CLANG_WARN_SUSPICIOUS_MOVE = YES;
				CLANG_WARN_UNGUARDED_AVAILABILITY = YES_AGGRESSIVE;
				CLANG_WARN_UNREACHABLE_CODE = YES;
				CLANG_WARN__DUPLICATE_METHOD_MATCH = YES;
				COPY_PHASE_STRIP = NO;
				DEBUG_INFORMATION_FORMAT = dwarf;
				ENABLE_STRICT_OBJC_MSGSEND = YES;
				ENABLE_TESTABILITY = YES;
				GCC_C_LANGUAGE_STANDARD = gnu11;
				GCC_DYNAMIC_NO_PIC = NO;
				GCC_NO_COMMON_BLOCKS = YES;
				GCC_OPTIMIZATION_LEVEL = 0;
				GCC_PREPROCESSOR_DEFINITIONS = (
					"DEBUG=1",
					"$(inherited)",
				);
				GCC_WARN_64_TO_32_BIT_CONVERSION = YES;
				GCC_WARN_ABOUT_RETURN_TYPE = YES_ERROR;
				GCC_WARN_UNDECLARED_SELECTOR = YES;
				GCC_WARN_UNINITIALIZED_AUTOS = YES_AGGRESSIVE;
				GCC_WARN_UNUSED_FUNCTION = YES;
				GCC_WARN_UNUSED_VARIABLE = YES;
				IPHONEOS_DEPLOYMENT_TARGET = 14.1;
				MTL_ENABLE_DEBUG_INFO = INCLUDE_SOURCE;
				MTL_FAST_MATH = YES;
				ONLY_ACTIVE_ARCH = YES;
				SDKROOT = iphoneos;
				SWIFT_ACTIVE_COMPILATION_CONDITIONS = DEBUG;
				SWIFT_OPTIMIZATION_LEVEL = "-Onone";
			};
			name = Debug;
		};
		9371E6F2257BA8F000F0A54F /* Release */ = {
			isa = XCBuildConfiguration;
			buildSettings = {
				ALWAYS_SEARCH_USER_PATHS = NO;
				CLANG_ANALYZER_NONNULL = YES;
				CLANG_ANALYZER_NUMBER_OBJECT_CONVERSION = YES_AGGRESSIVE;
				CLANG_CXX_LANGUAGE_STANDARD = "gnu++14";
				CLANG_CXX_LIBRARY = "libc++";
				CLANG_ENABLE_MODULES = YES;
				CLANG_ENABLE_OBJC_ARC = YES;
				CLANG_ENABLE_OBJC_WEAK = YES;
				CLANG_WARN_BLOCK_CAPTURE_AUTORELEASING = YES;
				CLANG_WARN_BOOL_CONVERSION = YES;
				CLANG_WARN_COMMA = YES;
				CLANG_WARN_CONSTANT_CONVERSION = YES;
				CLANG_WARN_DEPRECATED_OBJC_IMPLEMENTATIONS = YES;
				CLANG_WARN_DIRECT_OBJC_ISA_USAGE = YES_ERROR;
				CLANG_WARN_DOCUMENTATION_COMMENTS = YES;
				CLANG_WARN_EMPTY_BODY = YES;
				CLANG_WARN_ENUM_CONVERSION = YES;
				CLANG_WARN_INFINITE_RECURSION = YES;
				CLANG_WARN_INT_CONVERSION = YES;
				CLANG_WARN_NON_LITERAL_NULL_CONVERSION = YES;
				CLANG_WARN_OBJC_IMPLICIT_RETAIN_SELF = YES;
				CLANG_WARN_OBJC_LITERAL_CONVERSION = YES;
				CLANG_WARN_OBJC_ROOT_CLASS = YES_ERROR;
				CLANG_WARN_QUOTED_INCLUDE_IN_FRAMEWORK_HEADER = YES;
				CLANG_WARN_RANGE_LOOP_ANALYSIS = YES;
				CLANG_WARN_STRICT_PROTOTYPES = YES;
				CLANG_WARN_SUSPICIOUS_MOVE = YES;
				CLANG_WARN_UNGUARDED_AVAILABILITY = YES_AGGRESSIVE;
				CLANG_WARN_UNREACHABLE_CODE = YES;
				CLANG_WARN__DUPLICATE_METHOD_MATCH = YES;
				COPY_PHASE_STRIP = NO;
				DEBUG_INFORMATION_FORMAT = "dwarf-with-dsym";
				ENABLE_NS_ASSERTIONS = NO;
				ENABLE_STRICT_OBJC_MSGSEND = YES;
				GCC_C_LANGUAGE_STANDARD = gnu11;
				GCC_NO_COMMON_BLOCKS = YES;
				GCC_WARN_64_TO_32_BIT_CONVERSION = YES;
				GCC_WARN_ABOUT_RETURN_TYPE = YES_ERROR;
				GCC_WARN_UNDECLARED_SELECTOR = YES;
				GCC_WARN_UNINITIALIZED_AUTOS = YES_AGGRESSIVE;
				GCC_WARN_UNUSED_FUNCTION = YES;
				GCC_WARN_UNUSED_VARIABLE = YES;
				IPHONEOS_DEPLOYMENT_TARGET = 14.1;
				MTL_ENABLE_DEBUG_INFO = NO;
				MTL_FAST_MATH = YES;
				SDKROOT = iphoneos;
				SWIFT_COMPILATION_MODE = wholemodule;
				SWIFT_OPTIMIZATION_LEVEL = "-O";
				VALIDATE_PRODUCT = YES;
			};
			name = Release;
		};
		9371E6F4257BA8F000F0A54F /* Debug */ = {
			isa = XCBuildConfiguration;
			baseConfigurationReference = 03EF893E023C7704E923A133 /* Pods-AnimeDraw.debug.xcconfig */;
			buildSettings = {
				ASSETCATALOG_COMPILER_APPICON_NAME = AppIcon;
				ASSETCATALOG_COMPILER_GLOBAL_ACCENT_COLOR_NAME = AccentColor;
				CODE_SIGN_STYLE = Automatic;
				DEVELOPMENT_TEAM = 7VA7N3EEEN;
				FRAMEWORK_SEARCH_PATHS = (
					"$(inherited)",
					"$(PROJECT_DIR)/AnimeDraw/resource/Frameworks",
				);
				INFOPLIST_FILE = AnimeDraw/Info.plist;
				IPHONEOS_DEPLOYMENT_TARGET = 13.0;
				LD_RUNPATH_SEARCH_PATHS = (
					"$(inherited)",
					"@executable_path/Frameworks",
				);
				LIBRARY_SEARCH_PATHS = (
					"$(inherited)",
					"$(PROJECT_DIR)/AnimeDraw/resource/Frameworks",
				);
				PRODUCT_BUNDLE_IDENTIFIER = haiphan.AnimeDraw;
				PRODUCT_NAME = "$(TARGET_NAME)";
				SWIFT_VERSION = 5.0;
				TARGETED_DEVICE_FAMILY = "1,2";
			};
			name = Debug;
		};
		9371E6F5257BA8F000F0A54F /* Release */ = {
			isa = XCBuildConfiguration;
			baseConfigurationReference = F8A4756088CDBAC33BDF0D18 /* Pods-AnimeDraw.release.xcconfig */;
			buildSettings = {
				ASSETCATALOG_COMPILER_APPICON_NAME = AppIcon;
				ASSETCATALOG_COMPILER_GLOBAL_ACCENT_COLOR_NAME = AccentColor;
				CODE_SIGN_STYLE = Automatic;
				DEVELOPMENT_TEAM = S7XPZFN5L7;
				FRAMEWORK_SEARCH_PATHS = (
					"$(inherited)",
					"$(PROJECT_DIR)/AnimeDraw/resource/Frameworks",
				);
				INFOPLIST_FILE = AnimeDraw/Info.plist;
				IPHONEOS_DEPLOYMENT_TARGET = 13.0;
				LD_RUNPATH_SEARCH_PATHS = (
					"$(inherited)",
					"@executable_path/Frameworks",
				);
				LIBRARY_SEARCH_PATHS = (
					"$(inherited)",
					"$(PROJECT_DIR)/AnimeDraw/resource/Frameworks",
				);
				PRODUCT_BUNDLE_IDENTIFIER = haiphan.AnimeDraw;
				PRODUCT_NAME = "$(TARGET_NAME)";
				SWIFT_VERSION = 5.0;
				TARGETED_DEVICE_FAMILY = "1,2";
			};
			name = Release;
		};
		9371E6F7257BA8F000F0A54F /* Debug */ = {
			isa = XCBuildConfiguration;
			baseConfigurationReference = 673A40C71EF74BE33A0BA460 /* Pods-AnimeDrawTests.debug.xcconfig */;
			buildSettings = {
				ALWAYS_EMBED_SWIFT_STANDARD_LIBRARIES = YES;
				BUNDLE_LOADER = "$(TEST_HOST)";
				CODE_SIGN_STYLE = Automatic;
				DEVELOPMENT_TEAM = 7VA7N3EEEN;
				INFOPLIST_FILE = AnimeDrawTests/Info.plist;
				IPHONEOS_DEPLOYMENT_TARGET = 14.1;
				LD_RUNPATH_SEARCH_PATHS = (
					"$(inherited)",
					"@executable_path/Frameworks",
					"@loader_path/Frameworks",
				);
				PRODUCT_BUNDLE_IDENTIFIER = haiphan.AnimeDrawTests;
				PRODUCT_NAME = "$(TARGET_NAME)";
				SWIFT_VERSION = 5.0;
				TARGETED_DEVICE_FAMILY = "1,2";
				TEST_HOST = "$(BUILT_PRODUCTS_DIR)/AnimeDraw.app/AnimeDraw";
			};
			name = Debug;
		};
		9371E6F8257BA8F000F0A54F /* Release */ = {
			isa = XCBuildConfiguration;
			baseConfigurationReference = B92058FE3419317AF3ADAD49 /* Pods-AnimeDrawTests.release.xcconfig */;
			buildSettings = {
				ALWAYS_EMBED_SWIFT_STANDARD_LIBRARIES = YES;
				BUNDLE_LOADER = "$(TEST_HOST)";
				CODE_SIGN_STYLE = Automatic;
				DEVELOPMENT_TEAM = 7VA7N3EEEN;
				INFOPLIST_FILE = AnimeDrawTests/Info.plist;
				IPHONEOS_DEPLOYMENT_TARGET = 14.1;
				LD_RUNPATH_SEARCH_PATHS = (
					"$(inherited)",
					"@executable_path/Frameworks",
					"@loader_path/Frameworks",
				);
				PRODUCT_BUNDLE_IDENTIFIER = haiphan.AnimeDrawTests;
				PRODUCT_NAME = "$(TARGET_NAME)";
				SWIFT_VERSION = 5.0;
				TARGETED_DEVICE_FAMILY = "1,2";
				TEST_HOST = "$(BUILT_PRODUCTS_DIR)/AnimeDraw.app/AnimeDraw";
			};
			name = Release;
		};
		9371E6FA257BA8F000F0A54F /* Debug */ = {
			isa = XCBuildConfiguration;
			baseConfigurationReference = 289A5361AF2796B54835FE39 /* Pods-AnimeDraw-AnimeDrawUITests.debug.xcconfig */;
			buildSettings = {
				ALWAYS_EMBED_SWIFT_STANDARD_LIBRARIES = YES;
				CODE_SIGN_STYLE = Automatic;
				DEVELOPMENT_TEAM = 7VA7N3EEEN;
				INFOPLIST_FILE = AnimeDrawUITests/Info.plist;
				LD_RUNPATH_SEARCH_PATHS = (
					"$(inherited)",
					"@executable_path/Frameworks",
					"@loader_path/Frameworks",
				);
				PRODUCT_BUNDLE_IDENTIFIER = haiphan.AnimeDrawUITests;
				PRODUCT_NAME = "$(TARGET_NAME)";
				SWIFT_VERSION = 5.0;
				TARGETED_DEVICE_FAMILY = "1,2";
				TEST_TARGET_NAME = AnimeDraw;
			};
			name = Debug;
		};
		9371E6FB257BA8F000F0A54F /* Release */ = {
			isa = XCBuildConfiguration;
			baseConfigurationReference = 9940ABFA160C660F210F8515 /* Pods-AnimeDraw-AnimeDrawUITests.release.xcconfig */;
			buildSettings = {
				ALWAYS_EMBED_SWIFT_STANDARD_LIBRARIES = YES;
				CODE_SIGN_STYLE = Automatic;
				DEVELOPMENT_TEAM = 7VA7N3EEEN;
				INFOPLIST_FILE = AnimeDrawUITests/Info.plist;
				LD_RUNPATH_SEARCH_PATHS = (
					"$(inherited)",
					"@executable_path/Frameworks",
					"@loader_path/Frameworks",
				);
				PRODUCT_BUNDLE_IDENTIFIER = haiphan.AnimeDrawUITests;
				PRODUCT_NAME = "$(TARGET_NAME)";
				SWIFT_VERSION = 5.0;
				TARGETED_DEVICE_FAMILY = "1,2";
				TEST_TARGET_NAME = AnimeDraw;
			};
			name = Release;
		};
/* End XCBuildConfiguration section */

/* Begin XCConfigurationList section */
		9371E6C1257BA8EE00F0A54F /* Build configuration list for PBXProject "AnimeDraw" */ = {
			isa = XCConfigurationList;
			buildConfigurations = (
				9371E6F1257BA8F000F0A54F /* Debug */,
				9371E6F2257BA8F000F0A54F /* Release */,
			);
			defaultConfigurationIsVisible = 0;
			defaultConfigurationName = Release;
		};
		9371E6F3257BA8F000F0A54F /* Build configuration list for PBXNativeTarget "AnimeDraw" */ = {
			isa = XCConfigurationList;
			buildConfigurations = (
				9371E6F4257BA8F000F0A54F /* Debug */,
				9371E6F5257BA8F000F0A54F /* Release */,
			);
			defaultConfigurationIsVisible = 0;
			defaultConfigurationName = Release;
		};
		9371E6F6257BA8F000F0A54F /* Build configuration list for PBXNativeTarget "AnimeDrawTests" */ = {
			isa = XCConfigurationList;
			buildConfigurations = (
				9371E6F7257BA8F000F0A54F /* Debug */,
				9371E6F8257BA8F000F0A54F /* Release */,
			);
			defaultConfigurationIsVisible = 0;
			defaultConfigurationName = Release;
		};
		9371E6F9257BA8F000F0A54F /* Build configuration list for PBXNativeTarget "AnimeDrawUITests" */ = {
			isa = XCConfigurationList;
			buildConfigurations = (
				9371E6FA257BA8F000F0A54F /* Debug */,
				9371E6FB257BA8F000F0A54F /* Release */,
			);
			defaultConfigurationIsVisible = 0;
			defaultConfigurationName = Release;
		};
/* End XCConfigurationList section */

/* Begin XCVersionGroup section */
		9371E6D2257BA8EE00F0A54F /* AnimeDraw.xcdatamodeld */ = {
			isa = XCVersionGroup;
			children = (
				9371E6D3257BA8EE00F0A54F /* AnimeDraw.xcdatamodel */,
			);
			currentVersion = 9371E6D3257BA8EE00F0A54F /* AnimeDraw.xcdatamodel */;
			path = AnimeDraw.xcdatamodeld;
			sourceTree = "<group>";
			versionGroupType = wrapper.xcdatamodel;
		};
/* End XCVersionGroup section */
	};
	rootObject = 9371E6BE257BA8EE00F0A54F /* Project object */;
}
